// !$*UTF8*$!
{
	archiveVersion = 1;
	classes = {
	};
	objectVersion = 46;
	objects = {

/* Begin PBXBuildFile section */
		2E02F37B1AB6ABD100CE5AC2 /* FMMoveTableView.m in Sources */ = {isa = PBXBuildFile; fileRef = 2E02F3781AB6ABD100CE5AC2 /* FMMoveTableView.m */; };
		2E02F37C1AB6ABD100CE5AC2 /* FMMoveTableViewCell.m in Sources */ = {isa = PBXBuildFile; fileRef = 2E02F37A1AB6ABD100CE5AC2 /* FMMoveTableViewCell.m */; };
		2E02F3861AB70ABA00CE5AC2 /* ProjectListPanelDataSource.m in Sources */ = {isa = PBXBuildFile; fileRef = 2E02F3851AB70ABA00CE5AC2 /* ProjectListPanelDataSource.m */; };
		2E02F38A1AB70C2000CE5AC2 /* HomeView.m in Sources */ = {isa = PBXBuildFile; fileRef = 2E02F3891AB70C2000CE5AC2 /* HomeView.m */; };
		2E02F3901AB70EA600CE5AC2 /* SlideMotion+Calculation.m in Sources */ = {isa = PBXBuildFile; fileRef = 2E02F38D1AB70EA600CE5AC2 /* SlideMotion+Calculation.m */; };
		2E02F3911AB70EA600CE5AC2 /* SlideMotion.m in Sources */ = {isa = PBXBuildFile; fileRef = 2E02F38F1AB70EA600CE5AC2 /* SlideMotion.m */; };
		2E1320EC1AB99F7600B0FA8B /* ProjectListCell.m in Sources */ = {isa = PBXBuildFile; fileRef = 2E1320EA1AB99F7600B0FA8B /* ProjectListCell.m */; };
		2E1320ED1AB99F7600B0FA8B /* ProjectListCell.xib in Resources */ = {isa = PBXBuildFile; fileRef = 2E1320EB1AB99F7600B0FA8B /* ProjectListCell.xib */; };
		2E25A2151AAD3A530009714E /* main.m in Sources */ = {isa = PBXBuildFile; fileRef = 2E25A2141AAD3A530009714E /* main.m */; };
		2E25A2181AAD3A530009714E /* AppDelegate.m in Sources */ = {isa = PBXBuildFile; fileRef = 2E25A2171AAD3A530009714E /* AppDelegate.m */; };
		2E25A2201AAD3A530009714E /* Images.xcassets in Resources */ = {isa = PBXBuildFile; fileRef = 2E25A21F1AAD3A530009714E /* Images.xcassets */; };
		2E25A2231AAD3A530009714E /* LaunchScreen.xib in Resources */ = {isa = PBXBuildFile; fileRef = 2E25A2211AAD3A530009714E /* LaunchScreen.xib */; };
		2E25A22F1AAD3A530009714E /* EasyellTests.m in Sources */ = {isa = PBXBuildFile; fileRef = 2E25A22E1AAD3A530009714E /* EasyellTests.m */; };
		2E25A23C1AAD425A0009714E /* UIScreen+Utilities.m in Sources */ = {isa = PBXBuildFile; fileRef = 2E25A23B1AAD425A0009714E /* UIScreen+Utilities.m */; };
		2E25A2421AAD45A40009714E /* SignInAndUpViewController.m in Sources */ = {isa = PBXBuildFile; fileRef = 2E25A2401AAD45A40009714E /* SignInAndUpViewController.m */; };
		2E25A2431AAD45A40009714E /* SignInAndUpViewController.xib in Resources */ = {isa = PBXBuildFile; fileRef = 2E25A2411AAD45A40009714E /* SignInAndUpViewController.xib */; };
		2E25A2461AAD49B80009714E /* EasyellTitle.png in Resources */ = {isa = PBXBuildFile; fileRef = 2E25A2451AAD49B80009714E /* EasyellTitle.png */; };
		2E25A2491AAD52250009714E /* SignInAndUpViewController+configuration.m in Sources */ = {isa = PBXBuildFile; fileRef = 2E25A2481AAD52250009714E /* SignInAndUpViewController+configuration.m */; };
		2E25A24C1AAD5F880009714E /* SignInAndUpViewController+animation.m in Sources */ = {isa = PBXBuildFile; fileRef = 2E25A24B1AAD5F880009714E /* SignInAndUpViewController+animation.m */; };
		2E25A2501AAD6C9F0009714E /* SpringAnimationMaker.m in Sources */ = {isa = PBXBuildFile; fileRef = 2E25A24F1AAD6C9F0009714E /* SpringAnimationMaker.m */; };
		2E25A2551AAD6D1D0009714E /* JNWSpringAnimation.m in Sources */ = {isa = PBXBuildFile; fileRef = 2E25A2521AAD6D1D0009714E /* JNWSpringAnimation.m */; };
		2E25A2561AAD6D1D0009714E /* NSValue+JNWAdditions.m in Sources */ = {isa = PBXBuildFile; fileRef = 2E25A2541AAD6D1D0009714E /* NSValue+JNWAdditions.m */; };
		2E25A25B1AAD89790009714E /* SignInView.m in Sources */ = {isa = PBXBuildFile; fileRef = 2E25A25A1AAD89790009714E /* SignInView.m */; };
		2E25A25D1AAD89E00009714E /* SignInView.xib in Resources */ = {isa = PBXBuildFile; fileRef = 2E25A25C1AAD89E00009714E /* SignInView.xib */; };
		2E25A2601AAD96D30009714E /* SignInView+animation.m in Sources */ = {isa = PBXBuildFile; fileRef = 2E25A25F1AAD96D30009714E /* SignInView+animation.m */; };
		2E25A2661AAD97E60009714E /* AutoLayoutView.m in Sources */ = {isa = PBXBuildFile; fileRef = 2E25A2631AAD97E60009714E /* AutoLayoutView.m */; };
		2E25A2671AAD97E60009714E /* UIView+CommonSuperview.m in Sources */ = {isa = PBXBuildFile; fileRef = 2E25A2651AAD97E60009714E /* UIView+CommonSuperview.m */; };
		2E25A26A1AADA9910009714E /* SignInAndUpViewController+SignInViewDelegate.m in Sources */ = {isa = PBXBuildFile; fileRef = 2E25A2691AADA9910009714E /* SignInAndUpViewController+SignInViewDelegate.m */; };
		2E27B25B1AC1206F00DD6933 /* SettingButtonCell.xib in Resources */ = {isa = PBXBuildFile; fileRef = 2E27B2581AC1206F00DD6933 /* SettingButtonCell.xib */; };
		2E27B25C1AC1206F00DD6933 /* SettingButtonCell.m in Sources */ = {isa = PBXBuildFile; fileRef = 2E27B25A1AC1206F00DD6933 /* SettingButtonCell.m */; };
		2E27B25F1AC1229200DD6933 /* SettingPageViewController+UITableViewDelegate.m in Sources */ = {isa = PBXBuildFile; fileRef = 2E27B25E1AC1229200DD6933 /* SettingPageViewController+UITableViewDelegate.m */; };
		2E27B2681AC12E4D00DD6933 /* UserNameFormView.xib in Resources */ = {isa = PBXBuildFile; fileRef = 2E27B2611AC12E4D00DD6933 /* UserNameFormView.xib */; };
		2E27B2691AC12E4D00DD6933 /* UserNameFormView.m in Sources */ = {isa = PBXBuildFile; fileRef = 2E27B2631AC12E4D00DD6933 /* UserNameFormView.m */; };
		2E27B26A1AC12E4D00DD6933 /* UserNameFormView+Configuration.m in Sources */ = {isa = PBXBuildFile; fileRef = 2E27B2651AC12E4D00DD6933 /* UserNameFormView+Configuration.m */; };
		2E27B26B1AC12E4D00DD6933 /* UserNameFormView+Animation.m in Sources */ = {isa = PBXBuildFile; fileRef = 2E27B2671AC12E4D00DD6933 /* UserNameFormView+Animation.m */; };
		2E27B26E1AC12FBD00DD6933 /* SettingPageViewController+UserNameFormViewDelegate.m in Sources */ = {isa = PBXBuildFile; fileRef = 2E27B26D1AC12FBD00DD6933 /* SettingPageViewController+UserNameFormViewDelegate.m */; };
		2E28D10F1AB00693005F66AA /* InterfaceController.swift in Sources */ = {isa = PBXBuildFile; fileRef = 2E28D10E1AB00693005F66AA /* InterfaceController.swift */; };
		2E28D1111AB00694005F66AA /* NotificationController.swift in Sources */ = {isa = PBXBuildFile; fileRef = 2E28D1101AB00694005F66AA /* NotificationController.swift */; };
		2E28D1131AB00694005F66AA /* GlanceController.swift in Sources */ = {isa = PBXBuildFile; fileRef = 2E28D1121AB00694005F66AA /* GlanceController.swift */; };
		2E28D1151AB00694005F66AA /* Images.xcassets in Resources */ = {isa = PBXBuildFile; fileRef = 2E28D1141AB00694005F66AA /* Images.xcassets */; };
		2E28D1191AB00694005F66AA /* Easyell WatchKit App.app in Resources */ = {isa = PBXBuildFile; fileRef = 2E28D1181AB00694005F66AA /* Easyell WatchKit App.app */; };
		2E28D1211AB00694005F66AA /* Interface.storyboard in Resources */ = {isa = PBXBuildFile; fileRef = 2E28D11F1AB00694005F66AA /* Interface.storyboard */; };
		2E28D1231AB00694005F66AA /* Images.xcassets in Resources */ = {isa = PBXBuildFile; fileRef = 2E28D1221AB00694005F66AA /* Images.xcassets */; };
		2E28D1261AB00694005F66AA /* Easyell WatchKit Extension.appex in Embed App Extensions */ = {isa = PBXBuildFile; fileRef = 2E28D1091AB00693005F66AA /* Easyell WatchKit Extension.appex */; settings = {ATTRIBUTES = (RemoveHeadersOnCopy, ); }; };
		2E28D12F1AB007FF005F66AA /* Icon@2x.png in Resources */ = {isa = PBXBuildFile; fileRef = 2E28D12E1AB007FF005F66AA /* Icon@2x.png */; };
		2E681FD91ABFDC80003DA295 /* LeftListPanel.m in Sources */ = {isa = PBXBuildFile; fileRef = 2E681FD81ABFDC80003DA295 /* LeftListPanel.m */; };
		2E681FDB1ABFDCA2003DA295 /* LeftListPanel.xib in Resources */ = {isa = PBXBuildFile; fileRef = 2E681FDA1ABFDCA2003DA295 /* LeftListPanel.xib */; };
		2E681FE41ABFFF51003DA295 /* LeftListPanelCell.m in Sources */ = {isa = PBXBuildFile; fileRef = 2E681FE21ABFFF51003DA295 /* LeftListPanelCell.m */; };
		2E681FE51ABFFF51003DA295 /* LeftListPanelCell.xib in Resources */ = {isa = PBXBuildFile; fileRef = 2E681FE31ABFFF51003DA295 /* LeftListPanelCell.xib */; };
		2E77A0E81AB02EBE00094BD5 /* ProjectOrGroupCellCell.m in Sources */ = {isa = PBXBuildFile; fileRef = 2E77A0E61AB02EBE00094BD5 /* ProjectOrGroupCellCell.m */; };
		2E77A0E91AB02EBE00094BD5 /* ProjectOrGroupCellCell.xib in Resources */ = {isa = PBXBuildFile; fileRef = 2E77A0E71AB02EBE00094BD5 /* ProjectOrGroupCellCell.xib */; };
		2E7A50131AAE8D350088AFD6 /* SignUpView.m in Sources */ = {isa = PBXBuildFile; fileRef = 2E7A50121AAE8D350088AFD6 /* SignUpView.m */; };
		2E7A50151AAE8D500088AFD6 /* SignUpView.xib in Resources */ = {isa = PBXBuildFile; fileRef = 2E7A50141AAE8D500088AFD6 /* SignUpView.xib */; };
		2E7A501B1AAE9AC70088AFD6 /* SignInAndUpViewController+SignUpViewDelegate.m in Sources */ = {isa = PBXBuildFile; fileRef = 2E7A501A1AAE9AC70088AFD6 /* SignInAndUpViewController+SignUpViewDelegate.m */; };
		2E7A501E1AAE9B180088AFD6 /* SignUpView+animation.m in Sources */ = {isa = PBXBuildFile; fileRef = 2E7A501D1AAE9B180088AFD6 /* SignUpView+animation.m */; };
		2E7A50211AAE9BA60088AFD6 /* SignUpView+configuration.m in Sources */ = {isa = PBXBuildFile; fileRef = 2E7A50201AAE9BA60088AFD6 /* SignUpView+configuration.m */; };
		2E7A50241AAEC8070088AFD6 /* NSArray+Utilities.m in Sources */ = {isa = PBXBuildFile; fileRef = 2E7A50231AAEC8070088AFD6 /* NSArray+Utilities.m */; };
		2E7A50291AAEDABA0088AFD6 /* HomeViewController.m in Sources */ = {isa = PBXBuildFile; fileRef = 2E7A50271AAEDABA0088AFD6 /* HomeViewController.m */; };
		2E7A502A1AAEDABA0088AFD6 /* HomeViewController.xib in Resources */ = {isa = PBXBuildFile; fileRef = 2E7A50281AAEDABA0088AFD6 /* HomeViewController.xib */; };
		2E977E1D1AADF7FE0065E786 /* SignInView+configuration.m in Sources */ = {isa = PBXBuildFile; fileRef = 2E977E1C1AADF7FE0065E786 /* SignInView+configuration.m */; };
		2ECF103E1AB84CD000B605A6 /* HomeView+Animation.m in Sources */ = {isa = PBXBuildFile; fileRef = 2ECF103D1AB84CD000B605A6 /* HomeView+Animation.m */; };
		2ECF10401AB84F9800B605A6 /* HomeView.xib in Resources */ = {isa = PBXBuildFile; fileRef = 2ECF103F1AB84F9800B605A6 /* HomeView.xib */; };
		2ED2C9F21AC06EA200B6A5E6 /* SettingPageViewController.xib in Resources */ = {isa = PBXBuildFile; fileRef = 2ED2C9EB1AC06EA200B6A5E6 /* SettingPageViewController.xib */; };
		2ED2C9F31AC06EA200B6A5E6 /* SettingPageViewController.m in Sources */ = {isa = PBXBuildFile; fileRef = 2ED2C9ED1AC06EA200B6A5E6 /* SettingPageViewController.m */; };
		2ED2C9F41AC06EA200B6A5E6 /* SettingPageViewController+Configuration.m in Sources */ = {isa = PBXBuildFile; fileRef = 2ED2C9EF1AC06EA200B6A5E6 /* SettingPageViewController+Configuration.m */; };
		2ED2C9F51AC06EA200B6A5E6 /* SettingPageViewController+Animation.m in Sources */ = {isa = PBXBuildFile; fileRef = 2ED2C9F11AC06EA200B6A5E6 /* SettingPageViewController+Animation.m */; };
		2ED2C9F81AC0701B00B6A5E6 /* UIImage+Utility.m in Sources */ = {isa = PBXBuildFile; fileRef = 2ED2C9F71AC0701B00B6A5E6 /* UIImage+Utility.m */; };
		2ED2C9FD1AC071A800B6A5E6 /* SettingItemInfo.m in Sources */ = {isa = PBXBuildFile; fileRef = 2ED2C9FA1AC071A800B6A5E6 /* SettingItemInfo.m */; };
		2ED2C9FE1AC071A800B6A5E6 /* SettingsDataSource.m in Sources */ = {isa = PBXBuildFile; fileRef = 2ED2C9FC1AC071A800B6A5E6 /* SettingsDataSource.m */; };
		2ED2CA041AC0730A00B6A5E6 /* SettingAvatarCell.xib in Resources */ = {isa = PBXBuildFile; fileRef = 2ED2CA011AC0730A00B6A5E6 /* SettingAvatarCell.xib */; };
		2ED2CA051AC0730A00B6A5E6 /* SettingAvatarCell.m in Sources */ = {isa = PBXBuildFile; fileRef = 2ED2CA031AC0730A00B6A5E6 /* SettingAvatarCell.m */; };
		2ED2CA0F1AC073A500B6A5E6 /* SettingSectionView.m in Sources */ = {isa = PBXBuildFile; fileRef = 2ED2CA0A1AC073A500B6A5E6 /* SettingSectionView.m */; };
		2ED2CA101AC073A500B6A5E6 /* SettingSectionView.xib in Resources */ = {isa = PBXBuildFile; fileRef = 2ED2CA0B1AC073A500B6A5E6 /* SettingSectionView.xib */; };
		2ED2CA111AC073A500B6A5E6 /* SettingSectionCell.xib in Resources */ = {isa = PBXBuildFile; fileRef = 2ED2CA0C1AC073A500B6A5E6 /* SettingSectionCell.xib */; };
		2ED2CA121AC073A500B6A5E6 /* SettingSectionCell.m in Sources */ = {isa = PBXBuildFile; fileRef = 2ED2CA0E1AC073A500B6A5E6 /* SettingSectionCell.m */; };
		2ED2CA161AC073B400B6A5E6 /* SettingInfoCell.xib in Resources */ = {isa = PBXBuildFile; fileRef = 2ED2CA131AC073B400B6A5E6 /* SettingInfoCell.xib */; };
		2ED2CA171AC073B400B6A5E6 /* SettingInfoCell.m in Sources */ = {isa = PBXBuildFile; fileRef = 2ED2CA151AC073B400B6A5E6 /* SettingInfoCell.m */; };
		2ED2CA1B1AC073C100B6A5E6 /* SettingOptionCell.xib in Resources */ = {isa = PBXBuildFile; fileRef = 2ED2CA181AC073C100B6A5E6 /* SettingOptionCell.xib */; };
		2ED2CA1C1AC073C100B6A5E6 /* SettingOptionCell.m in Sources */ = {isa = PBXBuildFile; fileRef = 2ED2CA1A1AC073C100B6A5E6 /* SettingOptionCell.m */; };
		2ED2CA201AC0741E00B6A5E6 /* HighlightableTableCell.m in Sources */ = {isa = PBXBuildFile; fileRef = 2ED2CA1F1AC0741E00B6A5E6 /* HighlightableTableCell.m */; };
		2ED2CA231AC074DA00B6A5E6 /* UIColor+Utility.m in Sources */ = {isa = PBXBuildFile; fileRef = 2ED2CA221AC074DA00B6A5E6 /* UIColor+Utility.m */; };
		2ED2CA271AC0762D00B6A5E6 /* HighlightBackgroundButton.m in Sources */ = {isa = PBXBuildFile; fileRef = 2ED2CA261AC0762D00B6A5E6 /* HighlightBackgroundButton.m */; };
		2ED2CA2A1AC0773E00B6A5E6 /* NSBundle+Utility.m in Sources */ = {isa = PBXBuildFile; fileRef = 2ED2CA291AC0773E00B6A5E6 /* NSBundle+Utility.m */; };
		2EF71CED1AAF537A00498F93 /* Icon@2x.png in Resources */ = {isa = PBXBuildFile; fileRef = 2EF71CEC1AAF537A00498F93 /* Icon@2x.png */; };
		9AB3C1E4ADDBA04DA44489C2 /* libPods.a in Frameworks */ = {isa = PBXBuildFile; fileRef = ACBA1A965AABE303AAB75A3E /* libPods.a */; };
/* End PBXBuildFile section */

/* Begin PBXContainerItemProxy section */
		2E25A2291AAD3A530009714E /* PBXContainerItemProxy */ = {
			isa = PBXContainerItemProxy;
			containerPortal = 2E25A2071AAD3A530009714E /* Project object */;
			proxyType = 1;
			remoteGlobalIDString = 2E25A20E1AAD3A530009714E;
			remoteInfo = Easyell;
		};
		2E28D11A1AB00694005F66AA /* PBXContainerItemProxy */ = {
			isa = PBXContainerItemProxy;
			containerPortal = 2E25A2071AAD3A530009714E /* Project object */;
			proxyType = 1;
			remoteGlobalIDString = 2E28D1171AB00694005F66AA;
			remoteInfo = "Easyell WatchKit App";
		};
		2E28D1241AB00694005F66AA /* PBXContainerItemProxy */ = {
			isa = PBXContainerItemProxy;
			containerPortal = 2E25A2071AAD3A530009714E /* Project object */;
			proxyType = 1;
			remoteGlobalIDString = 2E28D1081AB00693005F66AA;
			remoteInfo = "Easyell WatchKit Extension";
		};
/* End PBXContainerItemProxy section */

/* Begin PBXCopyFilesBuildPhase section */
		2E28D12D1AB00694005F66AA /* Embed App Extensions */ = {
			isa = PBXCopyFilesBuildPhase;
			buildActionMask = 2147483647;
			dstPath = "";
			dstSubfolderSpec = 13;
			files = (
				2E28D1261AB00694005F66AA /* Easyell WatchKit Extension.appex in Embed App Extensions */,
			);
			name = "Embed App Extensions";
			runOnlyForDeploymentPostprocessing = 0;
		};
/* End PBXCopyFilesBuildPhase section */

/* Begin PBXFileReference section */
		2E02F3771AB6ABD100CE5AC2 /* FMMoveTableView.h */ = {isa = PBXFileReference; fileEncoding = 4; lastKnownFileType = sourcecode.c.h; path = FMMoveTableView.h; sourceTree = "<group>"; };
		2E02F3781AB6ABD100CE5AC2 /* FMMoveTableView.m */ = {isa = PBXFileReference; fileEncoding = 4; lastKnownFileType = sourcecode.c.objc; path = FMMoveTableView.m; sourceTree = "<group>"; };
		2E02F3791AB6ABD100CE5AC2 /* FMMoveTableViewCell.h */ = {isa = PBXFileReference; fileEncoding = 4; lastKnownFileType = sourcecode.c.h; path = FMMoveTableViewCell.h; sourceTree = "<group>"; };
		2E02F37A1AB6ABD100CE5AC2 /* FMMoveTableViewCell.m */ = {isa = PBXFileReference; fileEncoding = 4; lastKnownFileType = sourcecode.c.objc; path = FMMoveTableViewCell.m; sourceTree = "<group>"; };
		2E02F3841AB70ABA00CE5AC2 /* ProjectListPanelDataSource.h */ = {isa = PBXFileReference; fileEncoding = 4; lastKnownFileType = sourcecode.c.h; path = ProjectListPanelDataSource.h; sourceTree = "<group>"; };
		2E02F3851AB70ABA00CE5AC2 /* ProjectListPanelDataSource.m */ = {isa = PBXFileReference; fileEncoding = 4; lastKnownFileType = sourcecode.c.objc; path = ProjectListPanelDataSource.m; sourceTree = "<group>"; };
		2E02F3881AB70C2000CE5AC2 /* HomeView.h */ = {isa = PBXFileReference; fileEncoding = 4; lastKnownFileType = sourcecode.c.h; path = HomeView.h; sourceTree = "<group>"; };
		2E02F3891AB70C2000CE5AC2 /* HomeView.m */ = {isa = PBXFileReference; fileEncoding = 4; lastKnownFileType = sourcecode.c.objc; path = HomeView.m; sourceTree = "<group>"; };
		2E02F38C1AB70EA600CE5AC2 /* SlideMotion+Calculation.h */ = {isa = PBXFileReference; fileEncoding = 4; lastKnownFileType = sourcecode.c.h; path = "SlideMotion+Calculation.h"; sourceTree = "<group>"; };
		2E02F38D1AB70EA600CE5AC2 /* SlideMotion+Calculation.m */ = {isa = PBXFileReference; fileEncoding = 4; lastKnownFileType = sourcecode.c.objc; path = "SlideMotion+Calculation.m"; sourceTree = "<group>"; };
		2E02F38E1AB70EA600CE5AC2 /* SlideMotion.h */ = {isa = PBXFileReference; fileEncoding = 4; lastKnownFileType = sourcecode.c.h; path = SlideMotion.h; sourceTree = "<group>"; };
		2E02F38F1AB70EA600CE5AC2 /* SlideMotion.m */ = {isa = PBXFileReference; fileEncoding = 4; lastKnownFileType = sourcecode.c.objc; path = SlideMotion.m; sourceTree = "<group>"; };
		2E1320E91AB99F7600B0FA8B /* ProjectListCell.h */ = {isa = PBXFileReference; fileEncoding = 4; lastKnownFileType = sourcecode.c.h; path = ProjectListCell.h; sourceTree = "<group>"; };
		2E1320EA1AB99F7600B0FA8B /* ProjectListCell.m */ = {isa = PBXFileReference; fileEncoding = 4; lastKnownFileType = sourcecode.c.objc; path = ProjectListCell.m; sourceTree = "<group>"; };
		2E1320EB1AB99F7600B0FA8B /* ProjectListCell.xib */ = {isa = PBXFileReference; fileEncoding = 4; lastKnownFileType = file.xib; path = ProjectListCell.xib; sourceTree = "<group>"; };
		2E25A20F1AAD3A530009714E /* Easyell.app */ = {isa = PBXFileReference; explicitFileType = wrapper.application; includeInIndex = 0; path = Easyell.app; sourceTree = BUILT_PRODUCTS_DIR; };
		2E25A2131AAD3A530009714E /* Info.plist */ = {isa = PBXFileReference; lastKnownFileType = text.plist.xml; path = Info.plist; sourceTree = "<group>"; };
		2E25A2141AAD3A530009714E /* main.m */ = {isa = PBXFileReference; lastKnownFileType = sourcecode.c.objc; path = main.m; sourceTree = "<group>"; };
		2E25A2161AAD3A530009714E /* AppDelegate.h */ = {isa = PBXFileReference; lastKnownFileType = sourcecode.c.h; path = AppDelegate.h; sourceTree = "<group>"; };
		2E25A2171AAD3A530009714E /* AppDelegate.m */ = {isa = PBXFileReference; lastKnownFileType = sourcecode.c.objc; path = AppDelegate.m; sourceTree = "<group>"; };
		2E25A21F1AAD3A530009714E /* Images.xcassets */ = {isa = PBXFileReference; lastKnownFileType = folder.assetcatalog; path = Images.xcassets; sourceTree = "<group>"; };
		2E25A2221AAD3A530009714E /* Base */ = {isa = PBXFileReference; lastKnownFileType = file.xib; name = Base; path = Base.lproj/LaunchScreen.xib; sourceTree = "<group>"; };
		2E25A2281AAD3A530009714E /* EasyellTests.xctest */ = {isa = PBXFileReference; explicitFileType = wrapper.cfbundle; includeInIndex = 0; path = EasyellTests.xctest; sourceTree = BUILT_PRODUCTS_DIR; };
		2E25A22D1AAD3A530009714E /* Info.plist */ = {isa = PBXFileReference; lastKnownFileType = text.plist.xml; path = Info.plist; sourceTree = "<group>"; };
		2E25A22E1AAD3A530009714E /* EasyellTests.m */ = {isa = PBXFileReference; lastKnownFileType = sourcecode.c.objc; path = EasyellTests.m; sourceTree = "<group>"; };
		2E25A23A1AAD425A0009714E /* UIScreen+Utilities.h */ = {isa = PBXFileReference; fileEncoding = 4; lastKnownFileType = sourcecode.c.h; path = "UIScreen+Utilities.h"; sourceTree = "<group>"; };
		2E25A23B1AAD425A0009714E /* UIScreen+Utilities.m */ = {isa = PBXFileReference; fileEncoding = 4; lastKnownFileType = sourcecode.c.objc; path = "UIScreen+Utilities.m"; sourceTree = "<group>"; };
		2E25A23F1AAD45A40009714E /* SignInAndUpViewController.h */ = {isa = PBXFileReference; fileEncoding = 4; lastKnownFileType = sourcecode.c.h; path = SignInAndUpViewController.h; sourceTree = "<group>"; };
		2E25A2401AAD45A40009714E /* SignInAndUpViewController.m */ = {isa = PBXFileReference; fileEncoding = 4; lastKnownFileType = sourcecode.c.objc; path = SignInAndUpViewController.m; sourceTree = "<group>"; };
		2E25A2411AAD45A40009714E /* SignInAndUpViewController.xib */ = {isa = PBXFileReference; fileEncoding = 4; lastKnownFileType = file.xib; path = SignInAndUpViewController.xib; sourceTree = "<group>"; };
		2E25A2451AAD49B80009714E /* EasyellTitle.png */ = {isa = PBXFileReference; lastKnownFileType = image.png; path = EasyellTitle.png; sourceTree = "<group>"; };
		2E25A2471AAD52250009714E /* SignInAndUpViewController+configuration.h */ = {isa = PBXFileReference; fileEncoding = 4; lastKnownFileType = sourcecode.c.h; path = "SignInAndUpViewController+configuration.h"; sourceTree = "<group>"; };
		2E25A2481AAD52250009714E /* SignInAndUpViewController+configuration.m */ = {isa = PBXFileReference; fileEncoding = 4; lastKnownFileType = sourcecode.c.objc; path = "SignInAndUpViewController+configuration.m"; sourceTree = "<group>"; };
		2E25A24A1AAD5F880009714E /* SignInAndUpViewController+animation.h */ = {isa = PBXFileReference; fileEncoding = 4; lastKnownFileType = sourcecode.c.h; path = "SignInAndUpViewController+animation.h"; sourceTree = "<group>"; };
		2E25A24B1AAD5F880009714E /* SignInAndUpViewController+animation.m */ = {isa = PBXFileReference; fileEncoding = 4; lastKnownFileType = sourcecode.c.objc; path = "SignInAndUpViewController+animation.m"; sourceTree = "<group>"; };
		2E25A24E1AAD6C9F0009714E /* SpringAnimationMaker.h */ = {isa = PBXFileReference; fileEncoding = 4; lastKnownFileType = sourcecode.c.h; path = SpringAnimationMaker.h; sourceTree = "<group>"; };
		2E25A24F1AAD6C9F0009714E /* SpringAnimationMaker.m */ = {isa = PBXFileReference; fileEncoding = 4; lastKnownFileType = sourcecode.c.objc; path = SpringAnimationMaker.m; sourceTree = "<group>"; };
		2E25A2511AAD6D1D0009714E /* JNWSpringAnimation.h */ = {isa = PBXFileReference; fileEncoding = 4; lastKnownFileType = sourcecode.c.h; path = JNWSpringAnimation.h; sourceTree = "<group>"; };
		2E25A2521AAD6D1D0009714E /* JNWSpringAnimation.m */ = {isa = PBXFileReference; fileEncoding = 4; lastKnownFileType = sourcecode.c.objc; path = JNWSpringAnimation.m; sourceTree = "<group>"; };
		2E25A2531AAD6D1D0009714E /* NSValue+JNWAdditions.h */ = {isa = PBXFileReference; fileEncoding = 4; lastKnownFileType = sourcecode.c.h; path = "NSValue+JNWAdditions.h"; sourceTree = "<group>"; };
		2E25A2541AAD6D1D0009714E /* NSValue+JNWAdditions.m */ = {isa = PBXFileReference; fileEncoding = 4; lastKnownFileType = sourcecode.c.objc; path = "NSValue+JNWAdditions.m"; sourceTree = "<group>"; };
		2E25A2591AAD89790009714E /* SignInView.h */ = {isa = PBXFileReference; fileEncoding = 4; lastKnownFileType = sourcecode.c.h; path = SignInView.h; sourceTree = "<group>"; };
		2E25A25A1AAD89790009714E /* SignInView.m */ = {isa = PBXFileReference; fileEncoding = 4; lastKnownFileType = sourcecode.c.objc; path = SignInView.m; sourceTree = "<group>"; };
		2E25A25C1AAD89E00009714E /* SignInView.xib */ = {isa = PBXFileReference; fileEncoding = 4; lastKnownFileType = file.xib; path = SignInView.xib; sourceTree = "<group>"; };
		2E25A25E1AAD96D30009714E /* SignInView+animation.h */ = {isa = PBXFileReference; fileEncoding = 4; lastKnownFileType = sourcecode.c.h; path = "SignInView+animation.h"; sourceTree = "<group>"; };
		2E25A25F1AAD96D30009714E /* SignInView+animation.m */ = {isa = PBXFileReference; fileEncoding = 4; lastKnownFileType = sourcecode.c.objc; path = "SignInView+animation.m"; sourceTree = "<group>"; };
		2E25A2621AAD97E60009714E /* AutoLayoutView.h */ = {isa = PBXFileReference; fileEncoding = 4; lastKnownFileType = sourcecode.c.h; path = AutoLayoutView.h; sourceTree = "<group>"; };
		2E25A2631AAD97E60009714E /* AutoLayoutView.m */ = {isa = PBXFileReference; fileEncoding = 4; lastKnownFileType = sourcecode.c.objc; path = AutoLayoutView.m; sourceTree = "<group>"; };
		2E25A2641AAD97E60009714E /* UIView+CommonSuperview.h */ = {isa = PBXFileReference; fileEncoding = 4; lastKnownFileType = sourcecode.c.h; path = "UIView+CommonSuperview.h"; sourceTree = "<group>"; };
		2E25A2651AAD97E60009714E /* UIView+CommonSuperview.m */ = {isa = PBXFileReference; fileEncoding = 4; lastKnownFileType = sourcecode.c.objc; path = "UIView+CommonSuperview.m"; sourceTree = "<group>"; };
		2E25A2681AADA9910009714E /* SignInAndUpViewController+SignInViewDelegate.h */ = {isa = PBXFileReference; fileEncoding = 4; lastKnownFileType = sourcecode.c.h; path = "SignInAndUpViewController+SignInViewDelegate.h"; sourceTree = "<group>"; };
		2E25A2691AADA9910009714E /* SignInAndUpViewController+SignInViewDelegate.m */ = {isa = PBXFileReference; fileEncoding = 4; lastKnownFileType = sourcecode.c.objc; path = "SignInAndUpViewController+SignInViewDelegate.m"; sourceTree = "<group>"; };
		2E27B2581AC1206F00DD6933 /* SettingButtonCell.xib */ = {isa = PBXFileReference; fileEncoding = 4; lastKnownFileType = file.xib; path = SettingButtonCell.xib; sourceTree = "<group>"; };
		2E27B2591AC1206F00DD6933 /* SettingButtonCell.h */ = {isa = PBXFileReference; fileEncoding = 4; lastKnownFileType = sourcecode.c.h; path = SettingButtonCell.h; sourceTree = "<group>"; };
		2E27B25A1AC1206F00DD6933 /* SettingButtonCell.m */ = {isa = PBXFileReference; fileEncoding = 4; lastKnownFileType = sourcecode.c.objc; path = SettingButtonCell.m; sourceTree = "<group>"; };
		2E27B25D1AC1229200DD6933 /* SettingPageViewController+UITableViewDelegate.h */ = {isa = PBXFileReference; fileEncoding = 4; lastKnownFileType = sourcecode.c.h; path = "SettingPageViewController+UITableViewDelegate.h"; sourceTree = "<group>"; };
		2E27B25E1AC1229200DD6933 /* SettingPageViewController+UITableViewDelegate.m */ = {isa = PBXFileReference; fileEncoding = 4; lastKnownFileType = sourcecode.c.objc; path = "SettingPageViewController+UITableViewDelegate.m"; sourceTree = "<group>"; };
		2E27B2611AC12E4D00DD6933 /* UserNameFormView.xib */ = {isa = PBXFileReference; fileEncoding = 4; lastKnownFileType = file.xib; path = UserNameFormView.xib; sourceTree = "<group>"; };
		2E27B2621AC12E4D00DD6933 /* UserNameFormView.h */ = {isa = PBXFileReference; fileEncoding = 4; lastKnownFileType = sourcecode.c.h; path = UserNameFormView.h; sourceTree = "<group>"; };
		2E27B2631AC12E4D00DD6933 /* UserNameFormView.m */ = {isa = PBXFileReference; fileEncoding = 4; lastKnownFileType = sourcecode.c.objc; path = UserNameFormView.m; sourceTree = "<group>"; };
		2E27B2641AC12E4D00DD6933 /* UserNameFormView+Configuration.h */ = {isa = PBXFileReference; fileEncoding = 4; lastKnownFileType = sourcecode.c.h; path = "UserNameFormView+Configuration.h"; sourceTree = "<group>"; };
		2E27B2651AC12E4D00DD6933 /* UserNameFormView+Configuration.m */ = {isa = PBXFileReference; fileEncoding = 4; lastKnownFileType = sourcecode.c.objc; path = "UserNameFormView+Configuration.m"; sourceTree = "<group>"; };
		2E27B2661AC12E4D00DD6933 /* UserNameFormView+Animation.h */ = {isa = PBXFileReference; fileEncoding = 4; lastKnownFileType = sourcecode.c.h; path = "UserNameFormView+Animation.h"; sourceTree = "<group>"; };
		2E27B2671AC12E4D00DD6933 /* UserNameFormView+Animation.m */ = {isa = PBXFileReference; fileEncoding = 4; lastKnownFileType = sourcecode.c.objc; path = "UserNameFormView+Animation.m"; sourceTree = "<group>"; };
		2E27B26C1AC12FBD00DD6933 /* SettingPageViewController+UserNameFormViewDelegate.h */ = {isa = PBXFileReference; fileEncoding = 4; lastKnownFileType = sourcecode.c.h; path = "SettingPageViewController+UserNameFormViewDelegate.h"; sourceTree = "<group>"; };
		2E27B26D1AC12FBD00DD6933 /* SettingPageViewController+UserNameFormViewDelegate.m */ = {isa = PBXFileReference; fileEncoding = 4; lastKnownFileType = sourcecode.c.objc; path = "SettingPageViewController+UserNameFormViewDelegate.m"; sourceTree = "<group>"; };
		2E28D1091AB00693005F66AA /* Easyell WatchKit Extension.appex */ = {isa = PBXFileReference; explicitFileType = "wrapper.app-extension"; includeInIndex = 0; path = "Easyell WatchKit Extension.appex"; sourceTree = BUILT_PRODUCTS_DIR; };
		2E28D10C1AB00693005F66AA /* Info.plist */ = {isa = PBXFileReference; lastKnownFileType = text.plist.xml; path = Info.plist; sourceTree = "<group>"; };
		2E28D10D1AB00693005F66AA /* PushNotificationPayload.apns */ = {isa = PBXFileReference; lastKnownFileType = text; path = PushNotificationPayload.apns; sourceTree = "<group>"; };
		2E28D10E1AB00693005F66AA /* InterfaceController.swift */ = {isa = PBXFileReference; lastKnownFileType = sourcecode.swift; path = InterfaceController.swift; sourceTree = "<group>"; };
		2E28D1101AB00694005F66AA /* NotificationController.swift */ = {isa = PBXFileReference; lastKnownFileType = sourcecode.swift; path = NotificationController.swift; sourceTree = "<group>"; };
		2E28D1121AB00694005F66AA /* GlanceController.swift */ = {isa = PBXFileReference; lastKnownFileType = sourcecode.swift; path = GlanceController.swift; sourceTree = "<group>"; };
		2E28D1141AB00694005F66AA /* Images.xcassets */ = {isa = PBXFileReference; lastKnownFileType = folder.assetcatalog; path = Images.xcassets; sourceTree = "<group>"; };
		2E28D1181AB00694005F66AA /* Easyell WatchKit App.app */ = {isa = PBXFileReference; explicitFileType = wrapper.application; includeInIndex = 0; path = "Easyell WatchKit App.app"; sourceTree = BUILT_PRODUCTS_DIR; };
		2E28D11E1AB00694005F66AA /* Info.plist */ = {isa = PBXFileReference; lastKnownFileType = text.plist.xml; path = Info.plist; sourceTree = "<group>"; };
		2E28D1201AB00694005F66AA /* Base */ = {isa = PBXFileReference; lastKnownFileType = file.storyboard; name = Base; path = Base.lproj/Interface.storyboard; sourceTree = "<group>"; };
		2E28D1221AB00694005F66AA /* Images.xcassets */ = {isa = PBXFileReference; lastKnownFileType = folder.assetcatalog; path = Images.xcassets; sourceTree = "<group>"; };
		2E28D12E1AB007FF005F66AA /* Icon@2x.png */ = {isa = PBXFileReference; lastKnownFileType = image.png; path = "Icon@2x.png"; sourceTree = "<group>"; };
		2E681FD71ABFDC80003DA295 /* LeftListPanel.h */ = {isa = PBXFileReference; fileEncoding = 4; lastKnownFileType = sourcecode.c.h; path = LeftListPanel.h; sourceTree = "<group>"; };
		2E681FD81ABFDC80003DA295 /* LeftListPanel.m */ = {isa = PBXFileReference; fileEncoding = 4; lastKnownFileType = sourcecode.c.objc; path = LeftListPanel.m; sourceTree = "<group>"; };
		2E681FDA1ABFDCA2003DA295 /* LeftListPanel.xib */ = {isa = PBXFileReference; fileEncoding = 4; lastKnownFileType = file.xib; path = LeftListPanel.xib; sourceTree = "<group>"; };
		2E681FE11ABFFF51003DA295 /* LeftListPanelCell.h */ = {isa = PBXFileReference; fileEncoding = 4; lastKnownFileType = sourcecode.c.h; path = LeftListPanelCell.h; sourceTree = "<group>"; };
		2E681FE21ABFFF51003DA295 /* LeftListPanelCell.m */ = {isa = PBXFileReference; fileEncoding = 4; lastKnownFileType = sourcecode.c.objc; path = LeftListPanelCell.m; sourceTree = "<group>"; };
		2E681FE31ABFFF51003DA295 /* LeftListPanelCell.xib */ = {isa = PBXFileReference; fileEncoding = 4; lastKnownFileType = file.xib; path = LeftListPanelCell.xib; sourceTree = "<group>"; };
		2E77A0E51AB02EBE00094BD5 /* ProjectOrGroupCellCell.h */ = {isa = PBXFileReference; fileEncoding = 4; lastKnownFileType = sourcecode.c.h; path = ProjectOrGroupCellCell.h; sourceTree = "<group>"; };
		2E77A0E61AB02EBE00094BD5 /* ProjectOrGroupCellCell.m */ = {isa = PBXFileReference; fileEncoding = 4; lastKnownFileType = sourcecode.c.objc; path = ProjectOrGroupCellCell.m; sourceTree = "<group>"; };
		2E77A0E71AB02EBE00094BD5 /* ProjectOrGroupCellCell.xib */ = {isa = PBXFileReference; fileEncoding = 4; lastKnownFileType = file.xib; path = ProjectOrGroupCellCell.xib; sourceTree = "<group>"; };
		2E7A50111AAE8D350088AFD6 /* SignUpView.h */ = {isa = PBXFileReference; fileEncoding = 4; lastKnownFileType = sourcecode.c.h; path = SignUpView.h; sourceTree = "<group>"; };
		2E7A50121AAE8D350088AFD6 /* SignUpView.m */ = {isa = PBXFileReference; fileEncoding = 4; lastKnownFileType = sourcecode.c.objc; path = SignUpView.m; sourceTree = "<group>"; };
		2E7A50141AAE8D500088AFD6 /* SignUpView.xib */ = {isa = PBXFileReference; fileEncoding = 4; lastKnownFileType = file.xib; path = SignUpView.xib; sourceTree = "<group>"; };
		2E7A50191AAE9AC70088AFD6 /* SignInAndUpViewController+SignUpViewDelegate.h */ = {isa = PBXFileReference; fileEncoding = 4; lastKnownFileType = sourcecode.c.h; path = "SignInAndUpViewController+SignUpViewDelegate.h"; sourceTree = "<group>"; };
		2E7A501A1AAE9AC70088AFD6 /* SignInAndUpViewController+SignUpViewDelegate.m */ = {isa = PBXFileReference; fileEncoding = 4; lastKnownFileType = sourcecode.c.objc; path = "SignInAndUpViewController+SignUpViewDelegate.m"; sourceTree = "<group>"; };
		2E7A501C1AAE9B180088AFD6 /* SignUpView+animation.h */ = {isa = PBXFileReference; fileEncoding = 4; lastKnownFileType = sourcecode.c.h; path = "SignUpView+animation.h"; sourceTree = "<group>"; };
		2E7A501D1AAE9B180088AFD6 /* SignUpView+animation.m */ = {isa = PBXFileReference; fileEncoding = 4; lastKnownFileType = sourcecode.c.objc; path = "SignUpView+animation.m"; sourceTree = "<group>"; };
		2E7A501F1AAE9BA60088AFD6 /* SignUpView+configuration.h */ = {isa = PBXFileReference; fileEncoding = 4; lastKnownFileType = sourcecode.c.h; path = "SignUpView+configuration.h"; sourceTree = "<group>"; };
		2E7A50201AAE9BA60088AFD6 /* SignUpView+configuration.m */ = {isa = PBXFileReference; fileEncoding = 4; lastKnownFileType = sourcecode.c.objc; path = "SignUpView+configuration.m"; sourceTree = "<group>"; };
		2E7A50221AAEC8070088AFD6 /* NSArray+Utilities.h */ = {isa = PBXFileReference; fileEncoding = 4; lastKnownFileType = sourcecode.c.h; path = "NSArray+Utilities.h"; sourceTree = "<group>"; };
		2E7A50231AAEC8070088AFD6 /* NSArray+Utilities.m */ = {isa = PBXFileReference; fileEncoding = 4; lastKnownFileType = sourcecode.c.objc; path = "NSArray+Utilities.m"; sourceTree = "<group>"; };
		2E7A50261AAEDABA0088AFD6 /* HomeViewController.h */ = {isa = PBXFileReference; fileEncoding = 4; lastKnownFileType = sourcecode.c.h; path = HomeViewController.h; sourceTree = "<group>"; };
		2E7A50271AAEDABA0088AFD6 /* HomeViewController.m */ = {isa = PBXFileReference; fileEncoding = 4; lastKnownFileType = sourcecode.c.objc; path = HomeViewController.m; sourceTree = "<group>"; };
		2E7A50281AAEDABA0088AFD6 /* HomeViewController.xib */ = {isa = PBXFileReference; fileEncoding = 4; lastKnownFileType = file.xib; path = HomeViewController.xib; sourceTree = "<group>"; };
		2E977E1B1AADF7FE0065E786 /* SignInView+configuration.h */ = {isa = PBXFileReference; fileEncoding = 4; lastKnownFileType = sourcecode.c.h; path = "SignInView+configuration.h"; sourceTree = "<group>"; };
		2E977E1C1AADF7FE0065E786 /* SignInView+configuration.m */ = {isa = PBXFileReference; fileEncoding = 4; lastKnownFileType = sourcecode.c.objc; path = "SignInView+configuration.m"; sourceTree = "<group>"; };
		2ECF103C1AB84CD000B605A6 /* HomeView+Animation.h */ = {isa = PBXFileReference; fileEncoding = 4; lastKnownFileType = sourcecode.c.h; path = "HomeView+Animation.h"; sourceTree = "<group>"; };
		2ECF103D1AB84CD000B605A6 /* HomeView+Animation.m */ = {isa = PBXFileReference; fileEncoding = 4; lastKnownFileType = sourcecode.c.objc; path = "HomeView+Animation.m"; sourceTree = "<group>"; };
		2ECF103F1AB84F9800B605A6 /* HomeView.xib */ = {isa = PBXFileReference; fileEncoding = 4; lastKnownFileType = file.xib; path = HomeView.xib; sourceTree = "<group>"; };
		2ED2C9EB1AC06EA200B6A5E6 /* SettingPageViewController.xib */ = {isa = PBXFileReference; fileEncoding = 4; lastKnownFileType = file.xib; path = SettingPageViewController.xib; sourceTree = "<group>"; };
		2ED2C9EC1AC06EA200B6A5E6 /* SettingPageViewController.h */ = {isa = PBXFileReference; fileEncoding = 4; lastKnownFileType = sourcecode.c.h; path = SettingPageViewController.h; sourceTree = "<group>"; };
		2ED2C9ED1AC06EA200B6A5E6 /* SettingPageViewController.m */ = {isa = PBXFileReference; fileEncoding = 4; lastKnownFileType = sourcecode.c.objc; path = SettingPageViewController.m; sourceTree = "<group>"; };
		2ED2C9EE1AC06EA200B6A5E6 /* SettingPageViewController+Configuration.h */ = {isa = PBXFileReference; fileEncoding = 4; lastKnownFileType = sourcecode.c.h; path = "SettingPageViewController+Configuration.h"; sourceTree = "<group>"; };
		2ED2C9EF1AC06EA200B6A5E6 /* SettingPageViewController+Configuration.m */ = {isa = PBXFileReference; fileEncoding = 4; lastKnownFileType = sourcecode.c.objc; path = "SettingPageViewController+Configuration.m"; sourceTree = "<group>"; };
		2ED2C9F01AC06EA200B6A5E6 /* SettingPageViewController+Animation.h */ = {isa = PBXFileReference; fileEncoding = 4; lastKnownFileType = sourcecode.c.h; path = "SettingPageViewController+Animation.h"; sourceTree = "<group>"; };
		2ED2C9F11AC06EA200B6A5E6 /* SettingPageViewController+Animation.m */ = {isa = PBXFileReference; fileEncoding = 4; lastKnownFileType = sourcecode.c.objc; path = "SettingPageViewController+Animation.m"; sourceTree = "<group>"; };
		2ED2C9F61AC0701B00B6A5E6 /* UIImage+Utility.h */ = {isa = PBXFileReference; fileEncoding = 4; lastKnownFileType = sourcecode.c.h; path = "UIImage+Utility.h"; sourceTree = "<group>"; };
		2ED2C9F71AC0701B00B6A5E6 /* UIImage+Utility.m */ = {isa = PBXFileReference; fileEncoding = 4; lastKnownFileType = sourcecode.c.objc; path = "UIImage+Utility.m"; sourceTree = "<group>"; };
		2ED2C9F91AC071A800B6A5E6 /* SettingItemInfo.h */ = {isa = PBXFileReference; fileEncoding = 4; lastKnownFileType = sourcecode.c.h; path = SettingItemInfo.h; sourceTree = "<group>"; };
		2ED2C9FA1AC071A800B6A5E6 /* SettingItemInfo.m */ = {isa = PBXFileReference; fileEncoding = 4; lastKnownFileType = sourcecode.c.objc; path = SettingItemInfo.m; sourceTree = "<group>"; };
		2ED2C9FB1AC071A800B6A5E6 /* SettingsDataSource.h */ = {isa = PBXFileReference; fileEncoding = 4; lastKnownFileType = sourcecode.c.h; path = SettingsDataSource.h; sourceTree = "<group>"; };
		2ED2C9FC1AC071A800B6A5E6 /* SettingsDataSource.m */ = {isa = PBXFileReference; fileEncoding = 4; lastKnownFileType = sourcecode.c.objc; path = SettingsDataSource.m; sourceTree = "<group>"; };
		2ED2CA011AC0730A00B6A5E6 /* SettingAvatarCell.xib */ = {isa = PBXFileReference; fileEncoding = 4; lastKnownFileType = file.xib; path = SettingAvatarCell.xib; sourceTree = "<group>"; };
		2ED2CA021AC0730A00B6A5E6 /* SettingAvatarCell.h */ = {isa = PBXFileReference; fileEncoding = 4; lastKnownFileType = sourcecode.c.h; path = SettingAvatarCell.h; sourceTree = "<group>"; };
		2ED2CA031AC0730A00B6A5E6 /* SettingAvatarCell.m */ = {isa = PBXFileReference; fileEncoding = 4; lastKnownFileType = sourcecode.c.objc; path = SettingAvatarCell.m; sourceTree = "<group>"; };
		2ED2CA091AC073A500B6A5E6 /* SettingSectionView.h */ = {isa = PBXFileReference; fileEncoding = 4; lastKnownFileType = sourcecode.c.h; path = SettingSectionView.h; sourceTree = "<group>"; };
		2ED2CA0A1AC073A500B6A5E6 /* SettingSectionView.m */ = {isa = PBXFileReference; fileEncoding = 4; lastKnownFileType = sourcecode.c.objc; path = SettingSectionView.m; sourceTree = "<group>"; };
		2ED2CA0B1AC073A500B6A5E6 /* SettingSectionView.xib */ = {isa = PBXFileReference; fileEncoding = 4; lastKnownFileType = file.xib; path = SettingSectionView.xib; sourceTree = "<group>"; };
		2ED2CA0C1AC073A500B6A5E6 /* SettingSectionCell.xib */ = {isa = PBXFileReference; fileEncoding = 4; lastKnownFileType = file.xib; path = SettingSectionCell.xib; sourceTree = "<group>"; };
		2ED2CA0D1AC073A500B6A5E6 /* SettingSectionCell.h */ = {isa = PBXFileReference; fileEncoding = 4; lastKnownFileType = sourcecode.c.h; path = SettingSectionCell.h; sourceTree = "<group>"; };
		2ED2CA0E1AC073A500B6A5E6 /* SettingSectionCell.m */ = {isa = PBXFileReference; fileEncoding = 4; lastKnownFileType = sourcecode.c.objc; path = SettingSectionCell.m; sourceTree = "<group>"; };
		2ED2CA131AC073B400B6A5E6 /* SettingInfoCell.xib */ = {isa = PBXFileReference; fileEncoding = 4; lastKnownFileType = file.xib; path = SettingInfoCell.xib; sourceTree = "<group>"; };
		2ED2CA141AC073B400B6A5E6 /* SettingInfoCell.h */ = {isa = PBXFileReference; fileEncoding = 4; lastKnownFileType = sourcecode.c.h; path = SettingInfoCell.h; sourceTree = "<group>"; };
		2ED2CA151AC073B400B6A5E6 /* SettingInfoCell.m */ = {isa = PBXFileReference; fileEncoding = 4; lastKnownFileType = sourcecode.c.objc; path = SettingInfoCell.m; sourceTree = "<group>"; };
		2ED2CA181AC073C100B6A5E6 /* SettingOptionCell.xib */ = {isa = PBXFileReference; fileEncoding = 4; lastKnownFileType = file.xib; path = SettingOptionCell.xib; sourceTree = "<group>"; };
		2ED2CA191AC073C100B6A5E6 /* SettingOptionCell.h */ = {isa = PBXFileReference; fileEncoding = 4; lastKnownFileType = sourcecode.c.h; path = SettingOptionCell.h; sourceTree = "<group>"; };
		2ED2CA1A1AC073C100B6A5E6 /* SettingOptionCell.m */ = {isa = PBXFileReference; fileEncoding = 4; lastKnownFileType = sourcecode.c.objc; path = SettingOptionCell.m; sourceTree = "<group>"; };
		2ED2CA1E1AC0741E00B6A5E6 /* HighlightableTableCell.h */ = {isa = PBXFileReference; fileEncoding = 4; lastKnownFileType = sourcecode.c.h; path = HighlightableTableCell.h; sourceTree = "<group>"; };
		2ED2CA1F1AC0741E00B6A5E6 /* HighlightableTableCell.m */ = {isa = PBXFileReference; fileEncoding = 4; lastKnownFileType = sourcecode.c.objc; path = HighlightableTableCell.m; sourceTree = "<group>"; };
		2ED2CA211AC074DA00B6A5E6 /* UIColor+Utility.h */ = {isa = PBXFileReference; fileEncoding = 4; lastKnownFileType = sourcecode.c.h; path = "UIColor+Utility.h"; sourceTree = "<group>"; };
		2ED2CA221AC074DA00B6A5E6 /* UIColor+Utility.m */ = {isa = PBXFileReference; fileEncoding = 4; lastKnownFileType = sourcecode.c.objc; path = "UIColor+Utility.m"; sourceTree = "<group>"; };
		2ED2CA251AC0762D00B6A5E6 /* HighlightBackgroundButton.h */ = {isa = PBXFileReference; fileEncoding = 4; lastKnownFileType = sourcecode.c.h; path = HighlightBackgroundButton.h; sourceTree = "<group>"; };
		2ED2CA261AC0762D00B6A5E6 /* HighlightBackgroundButton.m */ = {isa = PBXFileReference; fileEncoding = 4; lastKnownFileType = sourcecode.c.objc; path = HighlightBackgroundButton.m; sourceTree = "<group>"; };
		2ED2CA281AC0773E00B6A5E6 /* NSBundle+Utility.h */ = {isa = PBXFileReference; fileEncoding = 4; lastKnownFileType = sourcecode.c.h; path = "NSBundle+Utility.h"; sourceTree = "<group>"; };
		2ED2CA291AC0773E00B6A5E6 /* NSBundle+Utility.m */ = {isa = PBXFileReference; fileEncoding = 4; lastKnownFileType = sourcecode.c.objc; path = "NSBundle+Utility.m"; sourceTree = "<group>"; };
		2EF71CEC1AAF537A00498F93 /* Icon@2x.png */ = {isa = PBXFileReference; lastKnownFileType = image.png; path = "Icon@2x.png"; sourceTree = "<group>"; };
		5BFBB1F312EEDCAAE2B92107 /* Pods.debug.xcconfig */ = {isa = PBXFileReference; includeInIndex = 1; lastKnownFileType = text.xcconfig; name = Pods.debug.xcconfig; path = "Pods/Target Support Files/Pods/Pods.debug.xcconfig"; sourceTree = "<group>"; };
		ACBA1A965AABE303AAB75A3E /* libPods.a */ = {isa = PBXFileReference; explicitFileType = archive.ar; includeInIndex = 0; path = libPods.a; sourceTree = BUILT_PRODUCTS_DIR; };
		D931CEE3E0212C21408A8460 /* Pods.release.xcconfig */ = {isa = PBXFileReference; includeInIndex = 1; lastKnownFileType = text.xcconfig; name = Pods.release.xcconfig; path = "Pods/Target Support Files/Pods/Pods.release.xcconfig"; sourceTree = "<group>"; };
/* End PBXFileReference section */

/* Begin PBXFrameworksBuildPhase section */
		2E25A20C1AAD3A530009714E /* Frameworks */ = {
			isa = PBXFrameworksBuildPhase;
			buildActionMask = 2147483647;
			files = (
				9AB3C1E4ADDBA04DA44489C2 /* libPods.a in Frameworks */,
			);
			runOnlyForDeploymentPostprocessing = 0;
		};
		2E25A2251AAD3A530009714E /* Frameworks */ = {
			isa = PBXFrameworksBuildPhase;
			buildActionMask = 2147483647;
			files = (
			);
			runOnlyForDeploymentPostprocessing = 0;
		};
		2E28D1061AB00693005F66AA /* Frameworks */ = {
			isa = PBXFrameworksBuildPhase;
			buildActionMask = 2147483647;
			files = (
			);
			runOnlyForDeploymentPostprocessing = 0;
		};
/* End PBXFrameworksBuildPhase section */

/* Begin PBXGroup section */
		2E02F3761AB6ABD100CE5AC2 /* FMFramework */ = {
			isa = PBXGroup;
			children = (
				2E02F3771AB6ABD100CE5AC2 /* FMMoveTableView.h */,
				2E02F3781AB6ABD100CE5AC2 /* FMMoveTableView.m */,
				2E02F3791AB6ABD100CE5AC2 /* FMMoveTableViewCell.h */,
				2E02F37A1AB6ABD100CE5AC2 /* FMMoveTableViewCell.m */,
			);
			path = FMFramework;
			sourceTree = "<group>";
		};
		2E02F3831AB70A0400CE5AC2 /* dataSource */ = {
			isa = PBXGroup;
			children = (
				2ED2C9F91AC071A800B6A5E6 /* SettingItemInfo.h */,
				2ED2C9FA1AC071A800B6A5E6 /* SettingItemInfo.m */,
				2ED2C9FB1AC071A800B6A5E6 /* SettingsDataSource.h */,
				2ED2C9FC1AC071A800B6A5E6 /* SettingsDataSource.m */,
				2E02F3841AB70ABA00CE5AC2 /* ProjectListPanelDataSource.h */,
				2E02F3851AB70ABA00CE5AC2 /* ProjectListPanelDataSource.m */,
			);
			path = dataSource;
			sourceTree = "<group>";
		};
		2E02F3871AB70BF800CE5AC2 /* HomeView */ = {
			isa = PBXGroup;
			children = (
				2E02F3881AB70C2000CE5AC2 /* HomeView.h */,
				2E02F3891AB70C2000CE5AC2 /* HomeView.m */,
				2ECF103F1AB84F9800B605A6 /* HomeView.xib */,
				2ECF103C1AB84CD000B605A6 /* HomeView+Animation.h */,
				2ECF103D1AB84CD000B605A6 /* HomeView+Animation.m */,
				2E1320E91AB99F7600B0FA8B /* ProjectListCell.h */,
				2E1320EA1AB99F7600B0FA8B /* ProjectListCell.m */,
				2E1320EB1AB99F7600B0FA8B /* ProjectListCell.xib */,
			);
			name = HomeView;
			sourceTree = "<group>";
		};
		2E02F38B1AB70EA600CE5AC2 /* Slide Motion */ = {
			isa = PBXGroup;
			children = (
				2E02F38C1AB70EA600CE5AC2 /* SlideMotion+Calculation.h */,
				2E02F38D1AB70EA600CE5AC2 /* SlideMotion+Calculation.m */,
				2E02F38E1AB70EA600CE5AC2 /* SlideMotion.h */,
				2E02F38F1AB70EA600CE5AC2 /* SlideMotion.m */,
			);
			path = "Slide Motion";
			sourceTree = "<group>";
		};
		2E25A2061AAD3A530009714E = {
			isa = PBXGroup;
			children = (
				2E25A2111AAD3A530009714E /* Easyell */,
				2E25A22B1AAD3A530009714E /* EasyellTests */,
				2E28D10A1AB00693005F66AA /* Easyell WatchKit Extension */,
				2E28D11C1AB00694005F66AA /* Easyell WatchKit App */,
				2E25A2101AAD3A530009714E /* Products */,
				F01528A09137CB354F973911 /* Pods */,
				898AE5B3DA3AA3D8EB79E993 /* Frameworks */,
			);
			sourceTree = "<group>";
		};
		2E25A2101AAD3A530009714E /* Products */ = {
			isa = PBXGroup;
			children = (
				2E25A20F1AAD3A530009714E /* Easyell.app */,
				2E25A2281AAD3A530009714E /* EasyellTests.xctest */,
				2E28D1091AB00693005F66AA /* Easyell WatchKit Extension.appex */,
				2E28D1181AB00694005F66AA /* Easyell WatchKit App.app */,
			);
			name = Products;
			sourceTree = "<group>";
		};
		2E25A2111AAD3A530009714E /* Easyell */ = {
			isa = PBXGroup;
			children = (
				2E02F3831AB70A0400CE5AC2 /* dataSource */,
				2E02F3761AB6ABD100CE5AC2 /* FMFramework */,
				2E25A24D1AAD6C7E0009714E /* Custom Views */,
				2E25A2441AAD49B80009714E /* imges */,
				2E25A23D1AAD44E20009714E /* ViewControllers */,
				2E25A2391AAD41DA0009714E /* Utilities */,
				2E25A2161AAD3A530009714E /* AppDelegate.h */,
				2E25A2171AAD3A530009714E /* AppDelegate.m */,
				2E25A21F1AAD3A530009714E /* Images.xcassets */,
				2E25A2211AAD3A530009714E /* LaunchScreen.xib */,
				2E25A2121AAD3A530009714E /* Supporting Files */,
			);
			path = Easyell;
			sourceTree = "<group>";
		};
		2E25A2121AAD3A530009714E /* Supporting Files */ = {
			isa = PBXGroup;
			children = (
				2E25A2131AAD3A530009714E /* Info.plist */,
				2E25A2141AAD3A530009714E /* main.m */,
			);
			name = "Supporting Files";
			sourceTree = "<group>";
		};
		2E25A22B1AAD3A530009714E /* EasyellTests */ = {
			isa = PBXGroup;
			children = (
				2E25A22E1AAD3A530009714E /* EasyellTests.m */,
				2E25A22C1AAD3A530009714E /* Supporting Files */,
			);
			path = EasyellTests;
			sourceTree = "<group>";
		};
		2E25A22C1AAD3A530009714E /* Supporting Files */ = {
			isa = PBXGroup;
			children = (
				2E25A22D1AAD3A530009714E /* Info.plist */,
			);
			name = "Supporting Files";
			sourceTree = "<group>";
		};
		2E25A2391AAD41DA0009714E /* Utilities */ = {
			isa = PBXGroup;
			children = (
				2ED2CA281AC0773E00B6A5E6 /* NSBundle+Utility.h */,
				2ED2CA291AC0773E00B6A5E6 /* NSBundle+Utility.m */,
				2ED2CA211AC074DA00B6A5E6 /* UIColor+Utility.h */,
				2ED2CA221AC074DA00B6A5E6 /* UIColor+Utility.m */,
				2ED2C9F61AC0701B00B6A5E6 /* UIImage+Utility.h */,
				2ED2C9F71AC0701B00B6A5E6 /* UIImage+Utility.m */,
				2E25A23A1AAD425A0009714E /* UIScreen+Utilities.h */,
				2E25A23B1AAD425A0009714E /* UIScreen+Utilities.m */,
				2E7A50221AAEC8070088AFD6 /* NSArray+Utilities.h */,
				2E7A50231AAEC8070088AFD6 /* NSArray+Utilities.m */,
			);
			path = Utilities;
			sourceTree = "<group>";
		};
		2E25A23D1AAD44E20009714E /* ViewControllers */ = {
			isa = PBXGroup;
			children = (
				2ED2C9E51AC06D3E00B6A5E6 /* ProfileViewController */,
				2E7A50251AAED9A00088AFD6 /* HomeViewController */,
				2E25A23E1AAD44F30009714E /* LoginViewController */,
			);
			path = ViewControllers;
			sourceTree = "<group>";
		};
		2E25A23E1AAD44F30009714E /* LoginViewController */ = {
			isa = PBXGroup;
			children = (
				2E25A23F1AAD45A40009714E /* SignInAndUpViewController.h */,
				2E25A2401AAD45A40009714E /* SignInAndUpViewController.m */,
				2E25A2411AAD45A40009714E /* SignInAndUpViewController.xib */,
				2E25A2471AAD52250009714E /* SignInAndUpViewController+configuration.h */,
				2E25A2481AAD52250009714E /* SignInAndUpViewController+configuration.m */,
				2E25A24A1AAD5F880009714E /* SignInAndUpViewController+animation.h */,
				2E25A24B1AAD5F880009714E /* SignInAndUpViewController+animation.m */,
				2E25A2681AADA9910009714E /* SignInAndUpViewController+SignInViewDelegate.h */,
				2E25A2691AADA9910009714E /* SignInAndUpViewController+SignInViewDelegate.m */,
				2E7A50191AAE9AC70088AFD6 /* SignInAndUpViewController+SignUpViewDelegate.h */,
				2E7A501A1AAE9AC70088AFD6 /* SignInAndUpViewController+SignUpViewDelegate.m */,
			);
			name = LoginViewController;
			sourceTree = "<group>";
		};
		2E25A2441AAD49B80009714E /* imges */ = {
			isa = PBXGroup;
			children = (
				2EF71CEC1AAF537A00498F93 /* Icon@2x.png */,
				2E25A2451AAD49B80009714E /* EasyellTitle.png */,
			);
			path = imges;
			sourceTree = "<group>";
		};
		2E25A24D1AAD6C7E0009714E /* Custom Views */ = {
			isa = PBXGroup;
			children = (
				2E27B2601AC12E3E00DD6933 /* UserName Form */,
				2ED2CA241AC0762000B6A5E6 /* Highlight Background Button */,
				2ED2CA1D1AC0740C00B6A5E6 /* Highlightable Cell */,
				2E681FD61ABFDB75003DA295 /* LeftListPanel */,
				2E02F38B1AB70EA600CE5AC2 /* Slide Motion */,
				2E02F3871AB70BF800CE5AC2 /* HomeView */,
				2E7A50101AAE8CD40088AFD6 /* SignUpView */,
				2E25A2611AAD97E60009714E /* AutoLayoutView */,
				2E25A2581AAD89520009714E /* SignInView */,
				2E25A2571AAD893E0009714E /* SpringAnimation */,
			);
			path = "Custom Views";
			sourceTree = "<group>";
		};
		2E25A2571AAD893E0009714E /* SpringAnimation */ = {
			isa = PBXGroup;
			children = (
				2E25A2511AAD6D1D0009714E /* JNWSpringAnimation.h */,
				2E25A2521AAD6D1D0009714E /* JNWSpringAnimation.m */,
				2E25A2531AAD6D1D0009714E /* NSValue+JNWAdditions.h */,
				2E25A2541AAD6D1D0009714E /* NSValue+JNWAdditions.m */,
				2E25A24E1AAD6C9F0009714E /* SpringAnimationMaker.h */,
				2E25A24F1AAD6C9F0009714E /* SpringAnimationMaker.m */,
			);
			name = SpringAnimation;
			sourceTree = "<group>";
		};
		2E25A2581AAD89520009714E /* SignInView */ = {
			isa = PBXGroup;
			children = (
				2E25A2591AAD89790009714E /* SignInView.h */,
				2E25A25A1AAD89790009714E /* SignInView.m */,
				2E25A25C1AAD89E00009714E /* SignInView.xib */,
				2E25A25E1AAD96D30009714E /* SignInView+animation.h */,
				2E25A25F1AAD96D30009714E /* SignInView+animation.m */,
				2E977E1B1AADF7FE0065E786 /* SignInView+configuration.h */,
				2E977E1C1AADF7FE0065E786 /* SignInView+configuration.m */,
			);
			name = SignInView;
			sourceTree = "<group>";
		};
		2E25A2611AAD97E60009714E /* AutoLayoutView */ = {
			isa = PBXGroup;
			children = (
				2E25A2621AAD97E60009714E /* AutoLayoutView.h */,
				2E25A2631AAD97E60009714E /* AutoLayoutView.m */,
				2E25A2641AAD97E60009714E /* UIView+CommonSuperview.h */,
				2E25A2651AAD97E60009714E /* UIView+CommonSuperview.m */,
			);
			path = AutoLayoutView;
			sourceTree = "<group>";
		};
		2E27B2571AC1205D00DD6933 /* Button Cell */ = {
			isa = PBXGroup;
			children = (
				2E27B2581AC1206F00DD6933 /* SettingButtonCell.xib */,
				2E27B2591AC1206F00DD6933 /* SettingButtonCell.h */,
				2E27B25A1AC1206F00DD6933 /* SettingButtonCell.m */,
			);
			name = "Button Cell";
			sourceTree = "<group>";
		};
		2E27B2601AC12E3E00DD6933 /* UserName Form */ = {
			isa = PBXGroup;
			children = (
				2E27B2611AC12E4D00DD6933 /* UserNameFormView.xib */,
				2E27B2621AC12E4D00DD6933 /* UserNameFormView.h */,
				2E27B2631AC12E4D00DD6933 /* UserNameFormView.m */,
				2E27B2641AC12E4D00DD6933 /* UserNameFormView+Configuration.h */,
				2E27B2651AC12E4D00DD6933 /* UserNameFormView+Configuration.m */,
				2E27B2661AC12E4D00DD6933 /* UserNameFormView+Animation.h */,
				2E27B2671AC12E4D00DD6933 /* UserNameFormView+Animation.m */,
			);
			name = "UserName Form";
			sourceTree = "<group>";
		};
		2E28D10A1AB00693005F66AA /* Easyell WatchKit Extension */ = {
			isa = PBXGroup;
			children = (
				2E28D10E1AB00693005F66AA /* InterfaceController.swift */,
				2E28D1101AB00694005F66AA /* NotificationController.swift */,
				2E28D1121AB00694005F66AA /* GlanceController.swift */,
				2E28D1141AB00694005F66AA /* Images.xcassets */,
				2E28D10B1AB00693005F66AA /* Supporting Files */,
			);
			path = "Easyell WatchKit Extension";
			sourceTree = "<group>";
		};
		2E28D10B1AB00693005F66AA /* Supporting Files */ = {
			isa = PBXGroup;
			children = (
				2E28D10C1AB00693005F66AA /* Info.plist */,
				2E28D10D1AB00693005F66AA /* PushNotificationPayload.apns */,
			);
			name = "Supporting Files";
			sourceTree = "<group>";
		};
		2E28D11C1AB00694005F66AA /* Easyell WatchKit App */ = {
			isa = PBXGroup;
			children = (
				2E28D11F1AB00694005F66AA /* Interface.storyboard */,
				2E28D1221AB00694005F66AA /* Images.xcassets */,
				2E28D11D1AB00694005F66AA /* Supporting Files */,
			);
			path = "Easyell WatchKit App";
			sourceTree = "<group>";
		};
		2E28D11D1AB00694005F66AA /* Supporting Files */ = {
			isa = PBXGroup;
			children = (
				2E28D12E1AB007FF005F66AA /* Icon@2x.png */,
				2E28D11E1AB00694005F66AA /* Info.plist */,
			);
			name = "Supporting Files";
			sourceTree = "<group>";
		};
		2E681FD61ABFDB75003DA295 /* LeftListPanel */ = {
			isa = PBXGroup;
			children = (
				2E681FD71ABFDC80003DA295 /* LeftListPanel.h */,
				2E681FD81ABFDC80003DA295 /* LeftListPanel.m */,
				2E681FDA1ABFDCA2003DA295 /* LeftListPanel.xib */,
				2E681FE11ABFFF51003DA295 /* LeftListPanelCell.h */,
				2E681FE21ABFFF51003DA295 /* LeftListPanelCell.m */,
				2E681FE31ABFFF51003DA295 /* LeftListPanelCell.xib */,
			);
			name = LeftListPanel;
			sourceTree = "<group>";
		};
		2E77A0E41AB02E6200094BD5 /* ProjectOrGroupCell */ = {
			isa = PBXGroup;
			children = (
				2E77A0E51AB02EBE00094BD5 /* ProjectOrGroupCellCell.h */,
				2E77A0E61AB02EBE00094BD5 /* ProjectOrGroupCellCell.m */,
				2E77A0E71AB02EBE00094BD5 /* ProjectOrGroupCellCell.xib */,
			);
			name = ProjectOrGroupCell;
			sourceTree = "<group>";
		};
		2E7A50101AAE8CD40088AFD6 /* SignUpView */ = {
			isa = PBXGroup;
			children = (
				2E7A50111AAE8D350088AFD6 /* SignUpView.h */,
				2E7A50121AAE8D350088AFD6 /* SignUpView.m */,
				2E7A50141AAE8D500088AFD6 /* SignUpView.xib */,
				2E7A501C1AAE9B180088AFD6 /* SignUpView+animation.h */,
				2E7A501D1AAE9B180088AFD6 /* SignUpView+animation.m */,
				2E7A501F1AAE9BA60088AFD6 /* SignUpView+configuration.h */,
				2E7A50201AAE9BA60088AFD6 /* SignUpView+configuration.m */,
			);
			name = SignUpView;
			sourceTree = "<group>";
		};
		2E7A50251AAED9A00088AFD6 /* HomeViewController */ = {
			isa = PBXGroup;
			children = (
				2E77A0E41AB02E6200094BD5 /* ProjectOrGroupCell */,
				2E7A50261AAEDABA0088AFD6 /* HomeViewController.h */,
				2E7A50271AAEDABA0088AFD6 /* HomeViewController.m */,
				2E7A50281AAEDABA0088AFD6 /* HomeViewController.xib */,
			);
			name = HomeViewController;
			sourceTree = "<group>";
		};
		2ED2C9E51AC06D3E00B6A5E6 /* ProfileViewController */ = {
			isa = PBXGroup;
			children = (
				2ED2C9FF1AC072EC00B6A5E6 /* Settings Table Cell */,
				2ED2C9EB1AC06EA200B6A5E6 /* SettingPageViewController.xib */,
				2ED2C9EC1AC06EA200B6A5E6 /* SettingPageViewController.h */,
				2ED2C9ED1AC06EA200B6A5E6 /* SettingPageViewController.m */,
				2ED2C9EE1AC06EA200B6A5E6 /* SettingPageViewController+Configuration.h */,
				2ED2C9EF1AC06EA200B6A5E6 /* SettingPageViewController+Configuration.m */,
				2ED2C9F01AC06EA200B6A5E6 /* SettingPageViewController+Animation.h */,
				2ED2C9F11AC06EA200B6A5E6 /* SettingPageViewController+Animation.m */,
				2E27B25D1AC1229200DD6933 /* SettingPageViewController+UITableViewDelegate.h */,
				2E27B25E1AC1229200DD6933 /* SettingPageViewController+UITableViewDelegate.m */,
				2E27B26C1AC12FBD00DD6933 /* SettingPageViewController+UserNameFormViewDelegate.h */,
				2E27B26D1AC12FBD00DD6933 /* SettingPageViewController+UserNameFormViewDelegate.m */,
			);
			name = ProfileViewController;
			sourceTree = "<group>";
		};
		2ED2C9FF1AC072EC00B6A5E6 /* Settings Table Cell */ = {
			isa = PBXGroup;
			children = (
				2E27B2571AC1205D00DD6933 /* Button Cell */,
				2ED2CA081AC0738300B6A5E6 /* Option Cell */,
				2ED2CA071AC0737500B6A5E6 /* Info Cell */,
				2ED2CA061AC0735900B6A5E6 /* Section Cell */,
				2ED2CA001AC072FB00B6A5E6 /* Avatar Cell */,
			);
			name = "Settings Table Cell";
			sourceTree = "<group>";
		};
		2ED2CA001AC072FB00B6A5E6 /* Avatar Cell */ = {
			isa = PBXGroup;
			children = (
				2ED2CA011AC0730A00B6A5E6 /* SettingAvatarCell.xib */,
				2ED2CA021AC0730A00B6A5E6 /* SettingAvatarCell.h */,
				2ED2CA031AC0730A00B6A5E6 /* SettingAvatarCell.m */,
			);
			name = "Avatar Cell";
			sourceTree = "<group>";
		};
		2ED2CA061AC0735900B6A5E6 /* Section Cell */ = {
			isa = PBXGroup;
			children = (
				2ED2CA091AC073A500B6A5E6 /* SettingSectionView.h */,
				2ED2CA0A1AC073A500B6A5E6 /* SettingSectionView.m */,
				2ED2CA0B1AC073A500B6A5E6 /* SettingSectionView.xib */,
				2ED2CA0C1AC073A500B6A5E6 /* SettingSectionCell.xib */,
				2ED2CA0D1AC073A500B6A5E6 /* SettingSectionCell.h */,
				2ED2CA0E1AC073A500B6A5E6 /* SettingSectionCell.m */,
			);
			name = "Section Cell";
			sourceTree = "<group>";
		};
		2ED2CA071AC0737500B6A5E6 /* Info Cell */ = {
			isa = PBXGroup;
			children = (
				2ED2CA131AC073B400B6A5E6 /* SettingInfoCell.xib */,
				2ED2CA141AC073B400B6A5E6 /* SettingInfoCell.h */,
				2ED2CA151AC073B400B6A5E6 /* SettingInfoCell.m */,
			);
			name = "Info Cell";
			sourceTree = "<group>";
		};
		2ED2CA081AC0738300B6A5E6 /* Option Cell */ = {
			isa = PBXGroup;
			children = (
				2ED2CA181AC073C100B6A5E6 /* SettingOptionCell.xib */,
				2ED2CA191AC073C100B6A5E6 /* SettingOptionCell.h */,
				2ED2CA1A1AC073C100B6A5E6 /* SettingOptionCell.m */,
			);
			name = "Option Cell";
			sourceTree = "<group>";
		};
		2ED2CA1D1AC0740C00B6A5E6 /* Highlightable Cell */ = {
			isa = PBXGroup;
			children = (
				2ED2CA1E1AC0741E00B6A5E6 /* HighlightableTableCell.h */,
				2ED2CA1F1AC0741E00B6A5E6 /* HighlightableTableCell.m */,
			);
			name = "Highlightable Cell";
			sourceTree = "<group>";
		};
		2ED2CA241AC0762000B6A5E6 /* Highlight Background Button */ = {
			isa = PBXGroup;
			children = (
				2ED2CA251AC0762D00B6A5E6 /* HighlightBackgroundButton.h */,
				2ED2CA261AC0762D00B6A5E6 /* HighlightBackgroundButton.m */,
			);
			name = "Highlight Background Button";
			sourceTree = "<group>";
		};
		898AE5B3DA3AA3D8EB79E993 /* Frameworks */ = {
			isa = PBXGroup;
			children = (
				ACBA1A965AABE303AAB75A3E /* libPods.a */,
			);
			name = Frameworks;
			sourceTree = "<group>";
		};
		F01528A09137CB354F973911 /* Pods */ = {
			isa = PBXGroup;
			children = (
				5BFBB1F312EEDCAAE2B92107 /* Pods.debug.xcconfig */,
				D931CEE3E0212C21408A8460 /* Pods.release.xcconfig */,
			);
			name = Pods;
			sourceTree = "<group>";
		};
/* End PBXGroup section */

/* Begin PBXNativeTarget section */
		2E25A20E1AAD3A530009714E /* Easyell */ = {
			isa = PBXNativeTarget;
			buildConfigurationList = 2E25A2321AAD3A530009714E /* Build configuration list for PBXNativeTarget "Easyell" */;
			buildPhases = (
				52327A7A898B0AC4E054C8B9 /* Check Pods Manifest.lock */,
				2E25A20B1AAD3A530009714E /* Sources */,
				2E25A20C1AAD3A530009714E /* Frameworks */,
				2E25A20D1AAD3A530009714E /* Resources */,
				85CED22818F56C66976A84B4 /* Copy Pods Resources */,
				2E28D12D1AB00694005F66AA /* Embed App Extensions */,
			);
			buildRules = (
			);
			dependencies = (
				2E28D1251AB00694005F66AA /* PBXTargetDependency */,
			);
			name = Easyell;
			productName = Easyell;
			productReference = 2E25A20F1AAD3A530009714E /* Easyell.app */;
			productType = "com.apple.product-type.application";
		};
		2E25A2271AAD3A530009714E /* EasyellTests */ = {
			isa = PBXNativeTarget;
			buildConfigurationList = 2E25A2351AAD3A530009714E /* Build configuration list for PBXNativeTarget "EasyellTests" */;
			buildPhases = (
				2E25A2241AAD3A530009714E /* Sources */,
				2E25A2251AAD3A530009714E /* Frameworks */,
				2E25A2261AAD3A530009714E /* Resources */,
			);
			buildRules = (
			);
			dependencies = (
				2E25A22A1AAD3A530009714E /* PBXTargetDependency */,
			);
			name = EasyellTests;
			productName = EasyellTests;
			productReference = 2E25A2281AAD3A530009714E /* EasyellTests.xctest */;
			productType = "com.apple.product-type.bundle.unit-test";
		};
		2E28D1081AB00693005F66AA /* Easyell WatchKit Extension */ = {
			isa = PBXNativeTarget;
			buildConfigurationList = 2E28D12C1AB00694005F66AA /* Build configuration list for PBXNativeTarget "Easyell WatchKit Extension" */;
			buildPhases = (
				2E28D1051AB00693005F66AA /* Sources */,
				2E28D1061AB00693005F66AA /* Frameworks */,
				2E28D1071AB00693005F66AA /* Resources */,
			);
			buildRules = (
			);
			dependencies = (
				2E28D11B1AB00694005F66AA /* PBXTargetDependency */,
			);
			name = "Easyell WatchKit Extension";
			productName = "Easyell WatchKit Extension";
			productReference = 2E28D1091AB00693005F66AA /* Easyell WatchKit Extension.appex */;
			productType = "com.apple.product-type.watchkit-extension";
		};
		2E28D1171AB00694005F66AA /* Easyell WatchKit App */ = {
			isa = PBXNativeTarget;
			buildConfigurationList = 2E28D12B1AB00694005F66AA /* Build configuration list for PBXNativeTarget "Easyell WatchKit App" */;
			buildPhases = (
				2E28D1161AB00694005F66AA /* Resources */,
			);
			buildRules = (
			);
			dependencies = (
			);
			name = "Easyell WatchKit App";
			productName = "Easyell WatchKit App";
			productReference = 2E28D1181AB00694005F66AA /* Easyell WatchKit App.app */;
			productType = "com.apple.product-type.application.watchapp";
		};
/* End PBXNativeTarget section */

/* Begin PBXProject section */
		2E25A2071AAD3A530009714E /* Project object */ = {
			isa = PBXProject;
			attributes = {
				LastUpgradeCheck = 0610;
				ORGANIZATIONNAME = guoshencheng;
				TargetAttributes = {
					2E25A20E1AAD3A530009714E = {
						CreatedOnToolsVersion = 6.1.1;
						DevelopmentTeam = 53H2AVD649;
					};
					2E25A2271AAD3A530009714E = {
						CreatedOnToolsVersion = 6.1.1;
						TestTargetID = 2E25A20E1AAD3A530009714E;
					};
					2E28D1081AB00693005F66AA = {
						CreatedOnToolsVersion = 6.2;
						DevelopmentTeam = 53H2AVD649;
					};
					2E28D1171AB00694005F66AA = {
						CreatedOnToolsVersion = 6.2;
					};
				};
			};
			buildConfigurationList = 2E25A20A1AAD3A530009714E /* Build configuration list for PBXProject "Easyell" */;
			compatibilityVersion = "Xcode 3.2";
			developmentRegion = English;
			hasScannedForEncodings = 0;
			knownRegions = (
				en,
				Base,
			);
			mainGroup = 2E25A2061AAD3A530009714E;
			productRefGroup = 2E25A2101AAD3A530009714E /* Products */;
			projectDirPath = "";
			projectRoot = "";
			targets = (
				2E25A20E1AAD3A530009714E /* Easyell */,
				2E25A2271AAD3A530009714E /* EasyellTests */,
				2E28D1081AB00693005F66AA /* Easyell WatchKit Extension */,
				2E28D1171AB00694005F66AA /* Easyell WatchKit App */,
			);
		};
/* End PBXProject section */

/* Begin PBXResourcesBuildPhase section */
		2E25A20D1AAD3A530009714E /* Resources */ = {
			isa = PBXResourcesBuildPhase;
			buildActionMask = 2147483647;
			files = (
				2E77A0E91AB02EBE00094BD5 /* ProjectOrGroupCellCell.xib in Resources */,
				2E681FDB1ABFDCA2003DA295 /* LeftListPanel.xib in Resources */,
				2E7A50151AAE8D500088AFD6 /* SignUpView.xib in Resources */,
				2EF71CED1AAF537A00498F93 /* Icon@2x.png in Resources */,
				2E25A2461AAD49B80009714E /* EasyellTitle.png in Resources */,
				2ED2CA1B1AC073C100B6A5E6 /* SettingOptionCell.xib in Resources */,
				2ED2CA101AC073A500B6A5E6 /* SettingSectionView.xib in Resources */,
				2E681FE51ABFFF51003DA295 /* LeftListPanelCell.xib in Resources */,
				2E27B25B1AC1206F00DD6933 /* SettingButtonCell.xib in Resources */,
				2ED2C9F21AC06EA200B6A5E6 /* SettingPageViewController.xib in Resources */,
				2E1320ED1AB99F7600B0FA8B /* ProjectListCell.xib in Resources */,
				2ED2CA041AC0730A00B6A5E6 /* SettingAvatarCell.xib in Resources */,
				2ED2CA161AC073B400B6A5E6 /* SettingInfoCell.xib in Resources */,
				2E27B2681AC12E4D00DD6933 /* UserNameFormView.xib in Resources */,
				2E25A2231AAD3A530009714E /* LaunchScreen.xib in Resources */,
				2E25A2431AAD45A40009714E /* SignInAndUpViewController.xib in Resources */,
				2E25A2201AAD3A530009714E /* Images.xcassets in Resources */,
				2E7A502A1AAEDABA0088AFD6 /* HomeViewController.xib in Resources */,
				2E25A25D1AAD89E00009714E /* SignInView.xib in Resources */,
				2ED2CA111AC073A500B6A5E6 /* SettingSectionCell.xib in Resources */,
				2ECF10401AB84F9800B605A6 /* HomeView.xib in Resources */,
			);
			runOnlyForDeploymentPostprocessing = 0;
		};
		2E25A2261AAD3A530009714E /* Resources */ = {
			isa = PBXResourcesBuildPhase;
			buildActionMask = 2147483647;
			files = (
			);
			runOnlyForDeploymentPostprocessing = 0;
		};
		2E28D1071AB00693005F66AA /* Resources */ = {
			isa = PBXResourcesBuildPhase;
			buildActionMask = 2147483647;
			files = (
				2E28D1191AB00694005F66AA /* Easyell WatchKit App.app in Resources */,
				2E28D1151AB00694005F66AA /* Images.xcassets in Resources */,
			);
			runOnlyForDeploymentPostprocessing = 0;
		};
		2E28D1161AB00694005F66AA /* Resources */ = {
			isa = PBXResourcesBuildPhase;
			buildActionMask = 2147483647;
			files = (
				2E28D1211AB00694005F66AA /* Interface.storyboard in Resources */,
				2E28D12F1AB007FF005F66AA /* Icon@2x.png in Resources */,
				2E28D1231AB00694005F66AA /* Images.xcassets in Resources */,
			);
			runOnlyForDeploymentPostprocessing = 0;
		};
/* End PBXResourcesBuildPhase section */

/* Begin PBXShellScriptBuildPhase section */
		52327A7A898B0AC4E054C8B9 /* Check Pods Manifest.lock */ = {
			isa = PBXShellScriptBuildPhase;
			buildActionMask = 2147483647;
			files = (
			);
			inputPaths = (
			);
			name = "Check Pods Manifest.lock";
			outputPaths = (
			);
			runOnlyForDeploymentPostprocessing = 0;
			shellPath = /bin/sh;
			shellScript = "diff \"${PODS_ROOT}/../Podfile.lock\" \"${PODS_ROOT}/Manifest.lock\" > /dev/null\nif [[ $? != 0 ]] ; then\n    cat << EOM\nerror: The sandbox is not in sync with the Podfile.lock. Run 'pod install' or update your CocoaPods installation.\nEOM\n    exit 1\nfi\n";
			showEnvVarsInLog = 0;
		};
		85CED22818F56C66976A84B4 /* Copy Pods Resources */ = {
			isa = PBXShellScriptBuildPhase;
			buildActionMask = 2147483647;
			files = (
			);
			inputPaths = (
			);
			name = "Copy Pods Resources";
			outputPaths = (
			);
			runOnlyForDeploymentPostprocessing = 0;
			shellPath = /bin/sh;
			shellScript = "\"${SRCROOT}/Pods/Target Support Files/Pods/Pods-resources.sh\"\n";
			showEnvVarsInLog = 0;
		};
/* End PBXShellScriptBuildPhase section */

/* Begin PBXSourcesBuildPhase section */
		2E25A20B1AAD3A530009714E /* Sources */ = {
			isa = PBXSourcesBuildPhase;
			buildActionMask = 2147483647;
			files = (
				2E25A2491AAD52250009714E /* SignInAndUpViewController+configuration.m in Sources */,
				2ED2C9FD1AC071A800B6A5E6 /* SettingItemInfo.m in Sources */,
				2E02F3901AB70EA600CE5AC2 /* SlideMotion+Calculation.m in Sources */,
				2ED2CA1C1AC073C100B6A5E6 /* SettingOptionCell.m in Sources */,
				2E25A2551AAD6D1D0009714E /* JNWSpringAnimation.m in Sources */,
				2ED2C9F31AC06EA200B6A5E6 /* SettingPageViewController.m in Sources */,
				2ED2CA0F1AC073A500B6A5E6 /* SettingSectionView.m in Sources */,
				2E25A2181AAD3A530009714E /* AppDelegate.m in Sources */,
				2E27B25C1AC1206F00DD6933 /* SettingButtonCell.m in Sources */,
				2E25A2501AAD6C9F0009714E /* SpringAnimationMaker.m in Sources */,
				2ED2CA171AC073B400B6A5E6 /* SettingInfoCell.m in Sources */,
				2E681FE41ABFFF51003DA295 /* LeftListPanelCell.m in Sources */,
				2ED2CA201AC0741E00B6A5E6 /* HighlightableTableCell.m in Sources */,
				2E25A2561AAD6D1D0009714E /* NSValue+JNWAdditions.m in Sources */,
				2ED2CA051AC0730A00B6A5E6 /* SettingAvatarCell.m in Sources */,
				2E7A50291AAEDABA0088AFD6 /* HomeViewController.m in Sources */,
				2ECF103E1AB84CD000B605A6 /* HomeView+Animation.m in Sources */,
				2E25A2671AAD97E60009714E /* UIView+CommonSuperview.m in Sources */,
				2E27B2691AC12E4D00DD6933 /* UserNameFormView.m in Sources */,
				2ED2C9F41AC06EA200B6A5E6 /* SettingPageViewController+Configuration.m in Sources */,
				2E25A24C1AAD5F880009714E /* SignInAndUpViewController+animation.m in Sources */,
				2E7A501E1AAE9B180088AFD6 /* SignUpView+animation.m in Sources */,
				2ED2CA2A1AC0773E00B6A5E6 /* NSBundle+Utility.m in Sources */,
				2E25A2421AAD45A40009714E /* SignInAndUpViewController.m in Sources */,
				2E02F3861AB70ABA00CE5AC2 /* ProjectListPanelDataSource.m in Sources */,
				2ED2C9F81AC0701B00B6A5E6 /* UIImage+Utility.m in Sources */,
				2E77A0E81AB02EBE00094BD5 /* ProjectOrGroupCellCell.m in Sources */,
				2ED2C9F51AC06EA200B6A5E6 /* SettingPageViewController+Animation.m in Sources */,
				2E02F3911AB70EA600CE5AC2 /* SlideMotion.m in Sources */,
				2ED2C9FE1AC071A800B6A5E6 /* SettingsDataSource.m in Sources */,
				2E02F37B1AB6ABD100CE5AC2 /* FMMoveTableView.m in Sources */,
				2ED2CA271AC0762D00B6A5E6 /* HighlightBackgroundButton.m in Sources */,
				2E7A50131AAE8D350088AFD6 /* SignUpView.m in Sources */,
				2E27B26B1AC12E4D00DD6933 /* UserNameFormView+Animation.m in Sources */,
				2E1320EC1AB99F7600B0FA8B /* ProjectListCell.m in Sources */,
				2E02F37C1AB6ABD100CE5AC2 /* FMMoveTableViewCell.m in Sources */,
				2ED2CA121AC073A500B6A5E6 /* SettingSectionCell.m in Sources */,
				2E25A23C1AAD425A0009714E /* UIScreen+Utilities.m in Sources */,
				2E7A501B1AAE9AC70088AFD6 /* SignInAndUpViewController+SignUpViewDelegate.m in Sources */,
				2ED2CA231AC074DA00B6A5E6 /* UIColor+Utility.m in Sources */,
				2E02F38A1AB70C2000CE5AC2 /* HomeView.m in Sources */,
				2E27B25F1AC1229200DD6933 /* SettingPageViewController+UITableViewDelegate.m in Sources */,
				2E977E1D1AADF7FE0065E786 /* SignInView+configuration.m in Sources */,
				2E25A25B1AAD89790009714E /* SignInView.m in Sources */,
				2E681FD91ABFDC80003DA295 /* LeftListPanel.m in Sources */,
				2E25A2661AAD97E60009714E /* AutoLayoutView.m in Sources */,
				2E27B26E1AC12FBD00DD6933 /* SettingPageViewController+UserNameFormViewDelegate.m in Sources */,
				2E25A26A1AADA9910009714E /* SignInAndUpViewController+SignInViewDelegate.m in Sources */,
				2E25A2151AAD3A530009714E /* main.m in Sources */,
				2E7A50241AAEC8070088AFD6 /* NSArray+Utilities.m in Sources */,
				2E7A50211AAE9BA60088AFD6 /* SignUpView+configuration.m in Sources */,
				2E27B26A1AC12E4D00DD6933 /* UserNameFormView+Configuration.m in Sources */,
				2E25A2601AAD96D30009714E /* SignInView+animation.m in Sources */,
			);
			runOnlyForDeploymentPostprocessing = 0;
		};
		2E25A2241AAD3A530009714E /* Sources */ = {
			isa = PBXSourcesBuildPhase;
			buildActionMask = 2147483647;
			files = (
				2E25A22F1AAD3A530009714E /* EasyellTests.m in Sources */,
			);
			runOnlyForDeploymentPostprocessing = 0;
		};
		2E28D1051AB00693005F66AA /* Sources */ = {
			isa = PBXSourcesBuildPhase;
			buildActionMask = 2147483647;
			files = (
				2E28D1111AB00694005F66AA /* NotificationController.swift in Sources */,
				2E28D10F1AB00693005F66AA /* InterfaceController.swift in Sources */,
				2E28D1131AB00694005F66AA /* GlanceController.swift in Sources */,
			);
			runOnlyForDeploymentPostprocessing = 0;
		};
/* End PBXSourcesBuildPhase section */

/* Begin PBXTargetDependency section */
		2E25A22A1AAD3A530009714E /* PBXTargetDependency */ = {
			isa = PBXTargetDependency;
			target = 2E25A20E1AAD3A530009714E /* Easyell */;
			targetProxy = 2E25A2291AAD3A530009714E /* PBXContainerItemProxy */;
		};
		2E28D11B1AB00694005F66AA /* PBXTargetDependency */ = {
			isa = PBXTargetDependency;
			target = 2E28D1171AB00694005F66AA /* Easyell WatchKit App */;
			targetProxy = 2E28D11A1AB00694005F66AA /* PBXContainerItemProxy */;
		};
		2E28D1251AB00694005F66AA /* PBXTargetDependency */ = {
			isa = PBXTargetDependency;
			target = 2E28D1081AB00693005F66AA /* Easyell WatchKit Extension */;
			targetProxy = 2E28D1241AB00694005F66AA /* PBXContainerItemProxy */;
		};
/* End PBXTargetDependency section */

/* Begin PBXVariantGroup section */
		2E25A2211AAD3A530009714E /* LaunchScreen.xib */ = {
			isa = PBXVariantGroup;
			children = (
				2E25A2221AAD3A530009714E /* Base */,
			);
			name = LaunchScreen.xib;
			sourceTree = "<group>";
		};
		2E28D11F1AB00694005F66AA /* Interface.storyboard */ = {
			isa = PBXVariantGroup;
			children = (
				2E28D1201AB00694005F66AA /* Base */,
			);
			name = Interface.storyboard;
			sourceTree = "<group>";
		};
/* End PBXVariantGroup section */

/* Begin XCBuildConfiguration section */
		2E25A2301AAD3A530009714E /* Debug */ = {
			isa = XCBuildConfiguration;
			buildSettings = {
				ALWAYS_SEARCH_USER_PATHS = NO;
				CLANG_CXX_LANGUAGE_STANDARD = "gnu++0x";
				CLANG_CXX_LIBRARY = "libc++";
				CLANG_ENABLE_MODULES = YES;
				CLANG_ENABLE_OBJC_ARC = YES;
				CLANG_WARN_BOOL_CONVERSION = YES;
				CLANG_WARN_CONSTANT_CONVERSION = YES;
				CLANG_WARN_DIRECT_OBJC_ISA_USAGE = YES_ERROR;
				CLANG_WARN_EMPTY_BODY = YES;
				CLANG_WARN_ENUM_CONVERSION = YES;
				CLANG_WARN_INT_CONVERSION = YES;
				CLANG_WARN_OBJC_ROOT_CLASS = YES_ERROR;
				CLANG_WARN_UNREACHABLE_CODE = YES;
				CLANG_WARN__DUPLICATE_METHOD_MATCH = YES;
				"CODE_SIGN_IDENTITY[sdk=iphoneos*]" = "iPhone Developer";
				COPY_PHASE_STRIP = NO;
				ENABLE_STRICT_OBJC_MSGSEND = YES;
				GCC_C_LANGUAGE_STANDARD = gnu99;
				GCC_DYNAMIC_NO_PIC = NO;
				GCC_OPTIMIZATION_LEVEL = 0;
				GCC_PREPROCESSOR_DEFINITIONS = (
					"DEBUG=1",
					"$(inherited)",
				);
				GCC_SYMBOLS_PRIVATE_EXTERN = NO;
				GCC_WARN_64_TO_32_BIT_CONVERSION = YES;
				GCC_WARN_ABOUT_RETURN_TYPE = YES_ERROR;
				GCC_WARN_UNDECLARED_SELECTOR = YES;
				GCC_WARN_UNINITIALIZED_AUTOS = YES_AGGRESSIVE;
				GCC_WARN_UNUSED_FUNCTION = YES;
				GCC_WARN_UNUSED_VARIABLE = YES;
				IPHONEOS_DEPLOYMENT_TARGET = 7.0;
				MTL_ENABLE_DEBUG_INFO = YES;
				ONLY_ACTIVE_ARCH = YES;
				SDKROOT = iphoneos;
			};
			name = Debug;
		};
		2E25A2311AAD3A530009714E /* Release */ = {
			isa = XCBuildConfiguration;
			buildSettings = {
				ALWAYS_SEARCH_USER_PATHS = NO;
				CLANG_CXX_LANGUAGE_STANDARD = "gnu++0x";
				CLANG_CXX_LIBRARY = "libc++";
				CLANG_ENABLE_MODULES = YES;
				CLANG_ENABLE_OBJC_ARC = YES;
				CLANG_WARN_BOOL_CONVERSION = YES;
				CLANG_WARN_CONSTANT_CONVERSION = YES;
				CLANG_WARN_DIRECT_OBJC_ISA_USAGE = YES_ERROR;
				CLANG_WARN_EMPTY_BODY = YES;
				CLANG_WARN_ENUM_CONVERSION = YES;
				CLANG_WARN_INT_CONVERSION = YES;
				CLANG_WARN_OBJC_ROOT_CLASS = YES_ERROR;
				CLANG_WARN_UNREACHABLE_CODE = YES;
				CLANG_WARN__DUPLICATE_METHOD_MATCH = YES;
				"CODE_SIGN_IDENTITY[sdk=iphoneos*]" = "iPhone Developer";
				COPY_PHASE_STRIP = YES;
				ENABLE_NS_ASSERTIONS = NO;
				ENABLE_STRICT_OBJC_MSGSEND = YES;
				GCC_C_LANGUAGE_STANDARD = gnu99;
				GCC_WARN_64_TO_32_BIT_CONVERSION = YES;
				GCC_WARN_ABOUT_RETURN_TYPE = YES_ERROR;
				GCC_WARN_UNDECLARED_SELECTOR = YES;
				GCC_WARN_UNINITIALIZED_AUTOS = YES_AGGRESSIVE;
				GCC_WARN_UNUSED_FUNCTION = YES;
				GCC_WARN_UNUSED_VARIABLE = YES;
				IPHONEOS_DEPLOYMENT_TARGET = 7.0;
				MTL_ENABLE_DEBUG_INFO = NO;
				SDKROOT = iphoneos;
				VALIDATE_PRODUCT = YES;
			};
			name = Release;
		};
		2E25A2331AAD3A530009714E /* Debug */ = {
			isa = XCBuildConfiguration;
			baseConfigurationReference = 5BFBB1F312EEDCAAE2B92107 /* Pods.debug.xcconfig */;
			buildSettings = {
				ASSETCATALOG_COMPILER_APPICON_NAME = AppIcon;
				CODE_SIGN_IDENTITY = "iPhone Developer";
				"CODE_SIGN_IDENTITY[sdk=iphoneos*]" = "iPhone Developer";
				EMBEDDED_CONTENT_CONTAINS_SWIFT = YES;
				INFOPLIST_FILE = Easyell/Info.plist;
				IPHONEOS_DEPLOYMENT_TARGET = 7.0;
				LD_RUNPATH_SEARCH_PATHS = "$(inherited) @executable_path/Frameworks";
				PRODUCT_NAME = "$(TARGET_NAME)";
				PROVISIONING_PROFILE = "";
			};
			name = Debug;
		};
		2E25A2341AAD3A530009714E /* Release */ = {
			isa = XCBuildConfiguration;
			baseConfigurationReference = D931CEE3E0212C21408A8460 /* Pods.release.xcconfig */;
			buildSettings = {
				ASSETCATALOG_COMPILER_APPICON_NAME = AppIcon;
				CODE_SIGN_IDENTITY = "iPhone Developer";
				"CODE_SIGN_IDENTITY[sdk=iphoneos*]" = "iPhone Developer";
				EMBEDDED_CONTENT_CONTAINS_SWIFT = YES;
				INFOPLIST_FILE = Easyell/Info.plist;
				IPHONEOS_DEPLOYMENT_TARGET = 7.0;
				LD_RUNPATH_SEARCH_PATHS = "$(inherited) @executable_path/Frameworks";
				PRODUCT_NAME = "$(TARGET_NAME)";
				PROVISIONING_PROFILE = "";
			};
			name = Release;
		};
		2E25A2361AAD3A530009714E /* Debug */ = {
			isa = XCBuildConfiguration;
			buildSettings = {
				BUNDLE_LOADER = "$(TEST_HOST)";
				FRAMEWORK_SEARCH_PATHS = (
					"$(SDKROOT)/Developer/Library/Frameworks",
					"$(inherited)",
				);
				GCC_PREPROCESSOR_DEFINITIONS = (
					"DEBUG=1",
					"$(inherited)",
				);
				INFOPLIST_FILE = EasyellTests/Info.plist;
				LD_RUNPATH_SEARCH_PATHS = "$(inherited) @executable_path/Frameworks @loader_path/Frameworks";
				PRODUCT_NAME = "$(TARGET_NAME)";
				TEST_HOST = "$(BUILT_PRODUCTS_DIR)/Easyell.app/Easyell";
			};
			name = Debug;
		};
		2E25A2371AAD3A530009714E /* Release */ = {
			isa = XCBuildConfiguration;
			buildSettings = {
				BUNDLE_LOADER = "$(TEST_HOST)";
				FRAMEWORK_SEARCH_PATHS = (
					"$(SDKROOT)/Developer/Library/Frameworks",
					"$(inherited)",
				);
				INFOPLIST_FILE = EasyellTests/Info.plist;
				LD_RUNPATH_SEARCH_PATHS = "$(inherited) @executable_path/Frameworks @loader_path/Frameworks";
				PRODUCT_NAME = "$(TARGET_NAME)";
				TEST_HOST = "$(BUILT_PRODUCTS_DIR)/Easyell.app/Easyell";
			};
			name = Release;
		};
		2E28D1271AB00694005F66AA /* Debug */ = {
			isa = XCBuildConfiguration;
			buildSettings = {
				CODE_SIGN_IDENTITY = "iPhone Developer";
				"CODE_SIGN_IDENTITY[sdk=iphoneos*]" = "iPhone Developer";
				GCC_PREPROCESSOR_DEFINITIONS = (
					"DEBUG=1",
					"$(inherited)",
				);
				INFOPLIST_FILE = "Easyell WatchKit Extension/Info.plist";
				IPHONEOS_DEPLOYMENT_TARGET = 8.2;
				LD_RUNPATH_SEARCH_PATHS = "$(inherited) @executable_path/Frameworks @executable_path/../../Frameworks";
				PRODUCT_NAME = "${TARGET_NAME}";
				SKIP_INSTALL = YES;
				SWIFT_OPTIMIZATION_LEVEL = "-Onone";
			};
			name = Debug;
		};
		2E28D1281AB00694005F66AA /* Release */ = {
			isa = XCBuildConfiguration;
			buildSettings = {
				CODE_SIGN_IDENTITY = "iPhone Developer";
				"CODE_SIGN_IDENTITY[sdk=iphoneos*]" = "iPhone Developer";
				COPY_PHASE_STRIP = NO;
				INFOPLIST_FILE = "Easyell WatchKit Extension/Info.plist";
				IPHONEOS_DEPLOYMENT_TARGET = 8.2;
				LD_RUNPATH_SEARCH_PATHS = "$(inherited) @executable_path/Frameworks @executable_path/../../Frameworks";
				PRODUCT_NAME = "${TARGET_NAME}";
				SKIP_INSTALL = YES;
			};
			name = Release;
		};
		2E28D1291AB00694005F66AA /* Debug */ = {
			isa = XCBuildConfiguration;
			buildSettings = {
				ASSETCATALOG_COMPILER_APPICON_NAME = AppIcon;
				GCC_PREPROCESSOR_DEFINITIONS = (
					"DEBUG=1",
					"$(inherited)",
				);
				IBSC_MODULE = Easyell_WatchKit_Extension;
				INFOPLIST_FILE = "Easyell WatchKit App/Info.plist";
				IPHONEOS_DEPLOYMENT_TARGET = 8.2;
				PRODUCT_NAME = "$(TARGET_NAME)";
				SKIP_INSTALL = YES;
				TARGETED_DEVICE_FAMILY = 4;
				"TARGETED_DEVICE_FAMILY[sdk=iphonesimulator*]" = "1,4";
			};
			name = Debug;
		};
		2E28D12A1AB00694005F66AA /* Release */ = {
			isa = XCBuildConfiguration;
			buildSettings = {
				ASSETCATALOG_COMPILER_APPICON_NAME = AppIcon;
				COPY_PHASE_STRIP = NO;
				IBSC_MODULE = Easyell_WatchKit_Extension;
				INFOPLIST_FILE = "Easyell WatchKit App/Info.plist";
				IPHONEOS_DEPLOYMENT_TARGET = 8.2;
				PRODUCT_NAME = "$(TARGET_NAME)";
				SKIP_INSTALL = YES;
				TARGETED_DEVICE_FAMILY = 4;
				"TARGETED_DEVICE_FAMILY[sdk=iphonesimulator*]" = "1,4";
			};
			name = Release;
		};
/* End XCBuildConfiguration section */

/* Begin XCConfigurationList section */
		2E25A20A1AAD3A530009714E /* Build configuration list for PBXProject "Easyell" */ = {
			isa = XCConfigurationList;
			buildConfigurations = (
				2E25A2301AAD3A530009714E /* Debug */,
				2E25A2311AAD3A530009714E /* Release */,
			);
			defaultConfigurationIsVisible = 0;
			defaultConfigurationName = Release;
		};
		2E25A2321AAD3A530009714E /* Build configuration list for PBXNativeTarget "Easyell" */ = {
			isa = XCConfigurationList;
			buildConfigurations = (
				2E25A2331AAD3A530009714E /* Debug */,
				2E25A2341AAD3A530009714E /* Release */,
			);
			defaultConfigurationIsVisible = 0;
			defaultConfigurationName = Release;
		};
		2E25A2351AAD3A530009714E /* Build configuration list for PBXNativeTarget "EasyellTests" */ = {
			isa = XCConfigurationList;
			buildConfigurations = (
				2E25A2361AAD3A530009714E /* Debug */,
				2E25A2371AAD3A530009714E /* Release */,
			);
			defaultConfigurationIsVisible = 0;
			defaultConfigurationName = Release;
		};
		2E28D12B1AB00694005F66AA /* Build configuration list for PBXNativeTarget "Easyell WatchKit App" */ = {
			isa = XCConfigurationList;
			buildConfigurations = (
				2E28D1291AB00694005F66AA /* Debug */,
				2E28D12A1AB00694005F66AA /* Release */,
			);
			defaultConfigurationIsVisible = 0;
			defaultConfigurationName = Release;
		};
		2E28D12C1AB00694005F66AA /* Build configuration list for PBXNativeTarget "Easyell WatchKit Extension" */ = {
			isa = XCConfigurationList;
			buildConfigurations = (
				2E28D1271AB00694005F66AA /* Debug */,
				2E28D1281AB00694005F66AA /* Release */,
			);
			defaultConfigurationIsVisible = 0;
			defaultConfigurationName = Release;
		};
/* End XCConfigurationList section */
	};
	rootObject = 2E25A2071AAD3A530009714E /* Project object */;
}
