// !$*UTF8*$!
{
	archiveVersion = 1;
	classes = {
	};
	objectVersion = 46;
	objects = {

/* Begin PBXBuildFile section */
		2E25A2151AAD3A530009714E /* main.m in Sources */ = {isa = PBXBuildFile; fileRef = 2E25A2141AAD3A530009714E /* main.m */; };
		2E25A2181AAD3A530009714E /* AppDelegate.m in Sources */ = {isa = PBXBuildFile; fileRef = 2E25A2171AAD3A530009714E /* AppDelegate.m */; };
		2E25A2201AAD3A530009714E /* Images.xcassets in Resources */ = {isa = PBXBuildFile; fileRef = 2E25A21F1AAD3A530009714E /* Images.xcassets */; };
		2E25A2231AAD3A530009714E /* LaunchScreen.xib in Resources */ = {isa = PBXBuildFile; fileRef = 2E25A2211AAD3A530009714E /* LaunchScreen.xib */; };
		2E25A22F1AAD3A530009714E /* EasyellTests.m in Sources */ = {isa = PBXBuildFile; fileRef = 2E25A22E1AAD3A530009714E /* EasyellTests.m */; };
		2E25A23C1AAD425A0009714E /* UIScreen+Utilities.m in Sources */ = {isa = PBXBuildFile; fileRef = 2E25A23B1AAD425A0009714E /* UIScreen+Utilities.m */; };
		2E25A2421AAD45A40009714E /* SignInAndUpViewController.m in Sources */ = {isa = PBXBuildFile; fileRef = 2E25A2401AAD45A40009714E /* SignInAndUpViewController.m */; };
		2E25A2431AAD45A40009714E /* SignInAndUpViewController.xib in Resources */ = {isa = PBXBuildFile; fileRef = 2E25A2411AAD45A40009714E /* SignInAndUpViewController.xib */; };
		2E25A2461AAD49B80009714E /* EasyellTitle.png in Resources */ = {isa = PBXBuildFile; fileRef = 2E25A2451AAD49B80009714E /* EasyellTitle.png */; };
		2E25A2491AAD52250009714E /* SignInAndUpViewController+configuration.m in Sources */ = {isa = PBXBuildFile; fileRef = 2E25A2481AAD52250009714E /* SignInAndUpViewController+configuration.m */; };
		2E25A24C1AAD5F880009714E /* SignInAndUpViewController+animation.m in Sources */ = {isa = PBXBuildFile; fileRef = 2E25A24B1AAD5F880009714E /* SignInAndUpViewController+animation.m */; };
		2E25A2501AAD6C9F0009714E /* SpringAnimationMaker.m in Sources */ = {isa = PBXBuildFile; fileRef = 2E25A24F1AAD6C9F0009714E /* SpringAnimationMaker.m */; };
		2E25A2551AAD6D1D0009714E /* JNWSpringAnimation.m in Sources */ = {isa = PBXBuildFile; fileRef = 2E25A2521AAD6D1D0009714E /* JNWSpringAnimation.m */; };
		2E25A2561AAD6D1D0009714E /* NSValue+JNWAdditions.m in Sources */ = {isa = PBXBuildFile; fileRef = 2E25A2541AAD6D1D0009714E /* NSValue+JNWAdditions.m */; };
		2E25A25B1AAD89790009714E /* SignInView.m in Sources */ = {isa = PBXBuildFile; fileRef = 2E25A25A1AAD89790009714E /* SignInView.m */; };
		2E25A25D1AAD89E00009714E /* SignInView.xib in Resources */ = {isa = PBXBuildFile; fileRef = 2E25A25C1AAD89E00009714E /* SignInView.xib */; };
		2E25A2601AAD96D30009714E /* SignInView+animation.m in Sources */ = {isa = PBXBuildFile; fileRef = 2E25A25F1AAD96D30009714E /* SignInView+animation.m */; };
		2E25A2661AAD97E60009714E /* AutoLayoutView.m in Sources */ = {isa = PBXBuildFile; fileRef = 2E25A2631AAD97E60009714E /* AutoLayoutView.m */; };
		2E25A2671AAD97E60009714E /* UIView+CommonSuperview.m in Sources */ = {isa = PBXBuildFile; fileRef = 2E25A2651AAD97E60009714E /* UIView+CommonSuperview.m */; };
		2E25A26A1AADA9910009714E /* SignInAndUpViewController+SignInViewDelegate.m in Sources */ = {isa = PBXBuildFile; fileRef = 2E25A2691AADA9910009714E /* SignInAndUpViewController+SignInViewDelegate.m */; };
		2E7A50131AAE8D350088AFD6 /* SignUpView.m in Sources */ = {isa = PBXBuildFile; fileRef = 2E7A50121AAE8D350088AFD6 /* SignUpView.m */; };
		2E7A50151AAE8D500088AFD6 /* SignUpView.xib in Resources */ = {isa = PBXBuildFile; fileRef = 2E7A50141AAE8D500088AFD6 /* SignUpView.xib */; };
		2E7A501B1AAE9AC70088AFD6 /* SignInAndUpViewController+SignUpViewDelegate.m in Sources */ = {isa = PBXBuildFile; fileRef = 2E7A501A1AAE9AC70088AFD6 /* SignInAndUpViewController+SignUpViewDelegate.m */; };
		2E7A501E1AAE9B180088AFD6 /* SignUpView+animation.m in Sources */ = {isa = PBXBuildFile; fileRef = 2E7A501D1AAE9B180088AFD6 /* SignUpView+animation.m */; };
		2E7A50211AAE9BA60088AFD6 /* SignUpView+configuration.m in Sources */ = {isa = PBXBuildFile; fileRef = 2E7A50201AAE9BA60088AFD6 /* SignUpView+configuration.m */; };
		2E7A50241AAEC8070088AFD6 /* NSArray+Utilities.m in Sources */ = {isa = PBXBuildFile; fileRef = 2E7A50231AAEC8070088AFD6 /* NSArray+Utilities.m */; };
		2E7A50291AAEDABA0088AFD6 /* HomeViewController.m in Sources */ = {isa = PBXBuildFile; fileRef = 2E7A50271AAEDABA0088AFD6 /* HomeViewController.m */; };
		2E7A502A1AAEDABA0088AFD6 /* HomeViewController.xib in Resources */ = {isa = PBXBuildFile; fileRef = 2E7A50281AAEDABA0088AFD6 /* HomeViewController.xib */; };
		2E977E1D1AADF7FE0065E786 /* SignInView+configuration.m in Sources */ = {isa = PBXBuildFile; fileRef = 2E977E1C1AADF7FE0065E786 /* SignInView+configuration.m */; };
		2EF71CED1AAF537A00498F93 /* Icon@2x.png in Resources */ = {isa = PBXBuildFile; fileRef = 2EF71CEC1AAF537A00498F93 /* Icon@2x.png */; };
		9AB3C1E4ADDBA04DA44489C2 /* libPods.a in Frameworks */ = {isa = PBXBuildFile; fileRef = ACBA1A965AABE303AAB75A3E /* libPods.a */; };
/* End PBXBuildFile section */

/* Begin PBXContainerItemProxy section */
		2E25A2291AAD3A530009714E /* PBXContainerItemProxy */ = {
			isa = PBXContainerItemProxy;
			containerPortal = 2E25A2071AAD3A530009714E /* Project object */;
			proxyType = 1;
			remoteGlobalIDString = 2E25A20E1AAD3A530009714E;
			remoteInfo = Easyell;
		};
/* End PBXContainerItemProxy section */

/* Begin PBXFileReference section */
		2E25A20F1AAD3A530009714E /* Easyell.app */ = {isa = PBXFileReference; explicitFileType = wrapper.application; includeInIndex = 0; path = Easyell.app; sourceTree = BUILT_PRODUCTS_DIR; };
		2E25A2131AAD3A530009714E /* Info.plist */ = {isa = PBXFileReference; lastKnownFileType = text.plist.xml; path = Info.plist; sourceTree = "<group>"; };
		2E25A2141AAD3A530009714E /* main.m */ = {isa = PBXFileReference; lastKnownFileType = sourcecode.c.objc; path = main.m; sourceTree = "<group>"; };
		2E25A2161AAD3A530009714E /* AppDelegate.h */ = {isa = PBXFileReference; lastKnownFileType = sourcecode.c.h; path = AppDelegate.h; sourceTree = "<group>"; };
		2E25A2171AAD3A530009714E /* AppDelegate.m */ = {isa = PBXFileReference; lastKnownFileType = sourcecode.c.objc; path = AppDelegate.m; sourceTree = "<group>"; };
		2E25A21F1AAD3A530009714E /* Images.xcassets */ = {isa = PBXFileReference; lastKnownFileType = folder.assetcatalog; path = Images.xcassets; sourceTree = "<group>"; };
		2E25A2221AAD3A530009714E /* Base */ = {isa = PBXFileReference; lastKnownFileType = file.xib; name = Base; path = Base.lproj/LaunchScreen.xib; sourceTree = "<group>"; };
		2E25A2281AAD3A530009714E /* EasyellTests.xctest */ = {isa = PBXFileReference; explicitFileType = wrapper.cfbundle; includeInIndex = 0; path = EasyellTests.xctest; sourceTree = BUILT_PRODUCTS_DIR; };
		2E25A22D1AAD3A530009714E /* Info.plist */ = {isa = PBXFileReference; lastKnownFileType = text.plist.xml; path = Info.plist; sourceTree = "<group>"; };
		2E25A22E1AAD3A530009714E /* EasyellTests.m */ = {isa = PBXFileReference; lastKnownFileType = sourcecode.c.objc; path = EasyellTests.m; sourceTree = "<group>"; };
		2E25A23A1AAD425A0009714E /* UIScreen+Utilities.h */ = {isa = PBXFileReference; fileEncoding = 4; lastKnownFileType = sourcecode.c.h; path = "UIScreen+Utilities.h"; sourceTree = "<group>"; };
		2E25A23B1AAD425A0009714E /* UIScreen+Utilities.m */ = {isa = PBXFileReference; fileEncoding = 4; lastKnownFileType = sourcecode.c.objc; path = "UIScreen+Utilities.m"; sourceTree = "<group>"; };
		2E25A23F1AAD45A40009714E /* SignInAndUpViewController.h */ = {isa = PBXFileReference; fileEncoding = 4; lastKnownFileType = sourcecode.c.h; path = SignInAndUpViewController.h; sourceTree = "<group>"; };
		2E25A2401AAD45A40009714E /* SignInAndUpViewController.m */ = {isa = PBXFileReference; fileEncoding = 4; lastKnownFileType = sourcecode.c.objc; path = SignInAndUpViewController.m; sourceTree = "<group>"; };
		2E25A2411AAD45A40009714E /* SignInAndUpViewController.xib */ = {isa = PBXFileReference; fileEncoding = 4; lastKnownFileType = file.xib; path = SignInAndUpViewController.xib; sourceTree = "<group>"; };
		2E25A2451AAD49B80009714E /* EasyellTitle.png */ = {isa = PBXFileReference; lastKnownFileType = image.png; path = EasyellTitle.png; sourceTree = "<group>"; };
		2E25A2471AAD52250009714E /* SignInAndUpViewController+configuration.h */ = {isa = PBXFileReference; fileEncoding = 4; lastKnownFileType = sourcecode.c.h; path = "SignInAndUpViewController+configuration.h"; sourceTree = "<group>"; };
		2E25A2481AAD52250009714E /* SignInAndUpViewController+configuration.m */ = {isa = PBXFileReference; fileEncoding = 4; lastKnownFileType = sourcecode.c.objc; path = "SignInAndUpViewController+configuration.m"; sourceTree = "<group>"; };
		2E25A24A1AAD5F880009714E /* SignInAndUpViewController+animation.h */ = {isa = PBXFileReference; fileEncoding = 4; lastKnownFileType = sourcecode.c.h; path = "SignInAndUpViewController+animation.h"; sourceTree = "<group>"; };
		2E25A24B1AAD5F880009714E /* SignInAndUpViewController+animation.m */ = {isa = PBXFileReference; fileEncoding = 4; lastKnownFileType = sourcecode.c.objc; path = "SignInAndUpViewController+animation.m"; sourceTree = "<group>"; };
		2E25A24E1AAD6C9F0009714E /* SpringAnimationMaker.h */ = {isa = PBXFileReference; fileEncoding = 4; lastKnownFileType = sourcecode.c.h; path = SpringAnimationMaker.h; sourceTree = "<group>"; };
		2E25A24F1AAD6C9F0009714E /* SpringAnimationMaker.m */ = {isa = PBXFileReference; fileEncoding = 4; lastKnownFileType = sourcecode.c.objc; path = SpringAnimationMaker.m; sourceTree = "<group>"; };
		2E25A2511AAD6D1D0009714E /* JNWSpringAnimation.h */ = {isa = PBXFileReference; fileEncoding = 4; lastKnownFileType = sourcecode.c.h; path = JNWSpringAnimation.h; sourceTree = "<group>"; };
		2E25A2521AAD6D1D0009714E /* JNWSpringAnimation.m */ = {isa = PBXFileReference; fileEncoding = 4; lastKnownFileType = sourcecode.c.objc; path = JNWSpringAnimation.m; sourceTree = "<group>"; };
		2E25A2531AAD6D1D0009714E /* NSValue+JNWAdditions.h */ = {isa = PBXFileReference; fileEncoding = 4; lastKnownFileType = sourcecode.c.h; path = "NSValue+JNWAdditions.h"; sourceTree = "<group>"; };
		2E25A2541AAD6D1D0009714E /* NSValue+JNWAdditions.m */ = {isa = PBXFileReference; fileEncoding = 4; lastKnownFileType = sourcecode.c.objc; path = "NSValue+JNWAdditions.m"; sourceTree = "<group>"; };
		2E25A2591AAD89790009714E /* SignInView.h */ = {isa = PBXFileReference; fileEncoding = 4; lastKnownFileType = sourcecode.c.h; path = SignInView.h; sourceTree = "<group>"; };
		2E25A25A1AAD89790009714E /* SignInView.m */ = {isa = PBXFileReference; fileEncoding = 4; lastKnownFileType = sourcecode.c.objc; path = SignInView.m; sourceTree = "<group>"; };
		2E25A25C1AAD89E00009714E /* SignInView.xib */ = {isa = PBXFileReference; fileEncoding = 4; lastKnownFileType = file.xib; path = SignInView.xib; sourceTree = "<group>"; };
		2E25A25E1AAD96D30009714E /* SignInView+animation.h */ = {isa = PBXFileReference; fileEncoding = 4; lastKnownFileType = sourcecode.c.h; path = "SignInView+animation.h"; sourceTree = "<group>"; };
		2E25A25F1AAD96D30009714E /* SignInView+animation.m */ = {isa = PBXFileReference; fileEncoding = 4; lastKnownFileType = sourcecode.c.objc; path = "SignInView+animation.m"; sourceTree = "<group>"; };
		2E25A2621AAD97E60009714E /* AutoLayoutView.h */ = {isa = PBXFileReference; fileEncoding = 4; lastKnownFileType = sourcecode.c.h; path = AutoLayoutView.h; sourceTree = "<group>"; };
		2E25A2631AAD97E60009714E /* AutoLayoutView.m */ = {isa = PBXFileReference; fileEncoding = 4; lastKnownFileType = sourcecode.c.objc; path = AutoLayoutView.m; sourceTree = "<group>"; };
		2E25A2641AAD97E60009714E /* UIView+CommonSuperview.h */ = {isa = PBXFileReference; fileEncoding = 4; lastKnownFileType = sourcecode.c.h; path = "UIView+CommonSuperview.h"; sourceTree = "<group>"; };
		2E25A2651AAD97E60009714E /* UIView+CommonSuperview.m */ = {isa = PBXFileReference; fileEncoding = 4; lastKnownFileType = sourcecode.c.objc; path = "UIView+CommonSuperview.m"; sourceTree = "<group>"; };
		2E25A2681AADA9910009714E /* SignInAndUpViewController+SignInViewDelegate.h */ = {isa = PBXFileReference; fileEncoding = 4; lastKnownFileType = sourcecode.c.h; path = "SignInAndUpViewController+SignInViewDelegate.h"; sourceTree = "<group>"; };
		2E25A2691AADA9910009714E /* SignInAndUpViewController+SignInViewDelegate.m */ = {isa = PBXFileReference; fileEncoding = 4; lastKnownFileType = sourcecode.c.objc; path = "SignInAndUpViewController+SignInViewDelegate.m"; sourceTree = "<group>"; };
		2E7A50111AAE8D350088AFD6 /* SignUpView.h */ = {isa = PBXFileReference; fileEncoding = 4; lastKnownFileType = sourcecode.c.h; path = SignUpView.h; sourceTree = "<group>"; };
		2E7A50121AAE8D350088AFD6 /* SignUpView.m */ = {isa = PBXFileReference; fileEncoding = 4; lastKnownFileType = sourcecode.c.objc; path = SignUpView.m; sourceTree = "<group>"; };
		2E7A50141AAE8D500088AFD6 /* SignUpView.xib */ = {isa = PBXFileReference; fileEncoding = 4; lastKnownFileType = file.xib; path = SignUpView.xib; sourceTree = "<group>"; };
		2E7A50191AAE9AC70088AFD6 /* SignInAndUpViewController+SignUpViewDelegate.h */ = {isa = PBXFileReference; fileEncoding = 4; lastKnownFileType = sourcecode.c.h; path = "SignInAndUpViewController+SignUpViewDelegate.h"; sourceTree = "<group>"; };
		2E7A501A1AAE9AC70088AFD6 /* SignInAndUpViewController+SignUpViewDelegate.m */ = {isa = PBXFileReference; fileEncoding = 4; lastKnownFileType = sourcecode.c.objc; path = "SignInAndUpViewController+SignUpViewDelegate.m"; sourceTree = "<group>"; };
		2E7A501C1AAE9B180088AFD6 /* SignUpView+animation.h */ = {isa = PBXFileReference; fileEncoding = 4; lastKnownFileType = sourcecode.c.h; path = "SignUpView+animation.h"; sourceTree = "<group>"; };
		2E7A501D1AAE9B180088AFD6 /* SignUpView+animation.m */ = {isa = PBXFileReference; fileEncoding = 4; lastKnownFileType = sourcecode.c.objc; path = "SignUpView+animation.m"; sourceTree = "<group>"; };
		2E7A501F1AAE9BA60088AFD6 /* SignUpView+configuration.h */ = {isa = PBXFileReference; fileEncoding = 4; lastKnownFileType = sourcecode.c.h; path = "SignUpView+configuration.h"; sourceTree = "<group>"; };
		2E7A50201AAE9BA60088AFD6 /* SignUpView+configuration.m */ = {isa = PBXFileReference; fileEncoding = 4; lastKnownFileType = sourcecode.c.objc; path = "SignUpView+configuration.m"; sourceTree = "<group>"; };
		2E7A50221AAEC8070088AFD6 /* NSArray+Utilities.h */ = {isa = PBXFileReference; fileEncoding = 4; lastKnownFileType = sourcecode.c.h; path = "NSArray+Utilities.h"; sourceTree = "<group>"; };
		2E7A50231AAEC8070088AFD6 /* NSArray+Utilities.m */ = {isa = PBXFileReference; fileEncoding = 4; lastKnownFileType = sourcecode.c.objc; path = "NSArray+Utilities.m"; sourceTree = "<group>"; };
		2E7A50261AAEDABA0088AFD6 /* HomeViewController.h */ = {isa = PBXFileReference; fileEncoding = 4; lastKnownFileType = sourcecode.c.h; path = HomeViewController.h; sourceTree = "<group>"; };
		2E7A50271AAEDABA0088AFD6 /* HomeViewController.m */ = {isa = PBXFileReference; fileEncoding = 4; lastKnownFileType = sourcecode.c.objc; path = HomeViewController.m; sourceTree = "<group>"; };
		2E7A50281AAEDABA0088AFD6 /* HomeViewController.xib */ = {isa = PBXFileReference; fileEncoding = 4; lastKnownFileType = file.xib; path = HomeViewController.xib; sourceTree = "<group>"; };
		2E977E1B1AADF7FE0065E786 /* SignInView+configuration.h */ = {isa = PBXFileReference; fileEncoding = 4; lastKnownFileType = sourcecode.c.h; path = "SignInView+configuration.h"; sourceTree = "<group>"; };
		2E977E1C1AADF7FE0065E786 /* SignInView+configuration.m */ = {isa = PBXFileReference; fileEncoding = 4; lastKnownFileType = sourcecode.c.objc; path = "SignInView+configuration.m"; sourceTree = "<group>"; };
		2EF71CEC1AAF537A00498F93 /* Icon@2x.png */ = {isa = PBXFileReference; lastKnownFileType = image.png; path = "Icon@2x.png"; sourceTree = "<group>"; };
		5BFBB1F312EEDCAAE2B92107 /* Pods.debug.xcconfig */ = {isa = PBXFileReference; includeInIndex = 1; lastKnownFileType = text.xcconfig; name = Pods.debug.xcconfig; path = "Pods/Target Support Files/Pods/Pods.debug.xcconfig"; sourceTree = "<group>"; };
		ACBA1A965AABE303AAB75A3E /* libPods.a */ = {isa = PBXFileReference; explicitFileType = archive.ar; includeInIndex = 0; path = libPods.a; sourceTree = BUILT_PRODUCTS_DIR; };
		D931CEE3E0212C21408A8460 /* Pods.release.xcconfig */ = {isa = PBXFileReference; includeInIndex = 1; lastKnownFileType = text.xcconfig; name = Pods.release.xcconfig; path = "Pods/Target Support Files/Pods/Pods.release.xcconfig"; sourceTree = "<group>"; };
/* End PBXFileReference section */

/* Begin PBXFrameworksBuildPhase section */
		2E25A20C1AAD3A530009714E /* Frameworks */ = {
			isa = PBXFrameworksBuildPhase;
			buildActionMask = 2147483647;
			files = (
				9AB3C1E4ADDBA04DA44489C2 /* libPods.a in Frameworks */,
			);
			runOnlyForDeploymentPostprocessing = 0;
		};
		2E25A2251AAD3A530009714E /* Frameworks */ = {
			isa = PBXFrameworksBuildPhase;
			buildActionMask = 2147483647;
			files = (
			);
			runOnlyForDeploymentPostprocessing = 0;
		};
/* End PBXFrameworksBuildPhase section */

/* Begin PBXGroup section */
		2E25A2061AAD3A530009714E = {
			isa = PBXGroup;
			children = (
				2E25A2111AAD3A530009714E /* Easyell */,
				2E25A22B1AAD3A530009714E /* EasyellTests */,
				2E25A2101AAD3A530009714E /* Products */,
				F01528A09137CB354F973911 /* Pods */,
				898AE5B3DA3AA3D8EB79E993 /* Frameworks */,
			);
			sourceTree = "<group>";
		};
		2E25A2101AAD3A530009714E /* Products */ = {
			isa = PBXGroup;
			children = (
				2E25A20F1AAD3A530009714E /* Easyell.app */,
				2E25A2281AAD3A530009714E /* EasyellTests.xctest */,
			);
			name = Products;
			sourceTree = "<group>";
		};
		2E25A2111AAD3A530009714E /* Easyell */ = {
			isa = PBXGroup;
			children = (
				2E25A24D1AAD6C7E0009714E /* Custom Views */,
				2E25A2441AAD49B80009714E /* imges */,
				2E25A23D1AAD44E20009714E /* ViewControllers */,
				2E25A2391AAD41DA0009714E /* Utilities */,
				2E25A2161AAD3A530009714E /* AppDelegate.h */,
				2E25A2171AAD3A530009714E /* AppDelegate.m */,
				2E25A21F1AAD3A530009714E /* Images.xcassets */,
				2E25A2211AAD3A530009714E /* LaunchScreen.xib */,
				2E25A2121AAD3A530009714E /* Supporting Files */,
			);
			path = Easyell;
			sourceTree = "<group>";
		};
		2E25A2121AAD3A530009714E /* Supporting Files */ = {
			isa = PBXGroup;
			children = (
				2E25A2131AAD3A530009714E /* Info.plist */,
				2E25A2141AAD3A530009714E /* main.m */,
			);
			name = "Supporting Files";
			sourceTree = "<group>";
		};
		2E25A22B1AAD3A530009714E /* EasyellTests */ = {
			isa = PBXGroup;
			children = (
				2E25A22E1AAD3A530009714E /* EasyellTests.m */,
				2E25A22C1AAD3A530009714E /* Supporting Files */,
			);
			path = EasyellTests;
			sourceTree = "<group>";
		};
		2E25A22C1AAD3A530009714E /* Supporting Files */ = {
			isa = PBXGroup;
			children = (
				2E25A22D1AAD3A530009714E /* Info.plist */,
			);
			name = "Supporting Files";
			sourceTree = "<group>";
		};
		2E25A2391AAD41DA0009714E /* Utilities */ = {
			isa = PBXGroup;
			children = (
				2E25A23A1AAD425A0009714E /* UIScreen+Utilities.h */,
				2E25A23B1AAD425A0009714E /* UIScreen+Utilities.m */,
				2E7A50221AAEC8070088AFD6 /* NSArray+Utilities.h */,
				2E7A50231AAEC8070088AFD6 /* NSArray+Utilities.m */,
			);
			path = Utilities;
			sourceTree = "<group>";
		};
		2E25A23D1AAD44E20009714E /* ViewControllers */ = {
			isa = PBXGroup;
			children = (
				2E7A50251AAED9A00088AFD6 /* HomeViewController */,
				2E25A23E1AAD44F30009714E /* LoginViewController */,
			);
			path = ViewControllers;
			sourceTree = "<group>";
		};
		2E25A23E1AAD44F30009714E /* LoginViewController */ = {
			isa = PBXGroup;
			children = (
				2E25A23F1AAD45A40009714E /* SignInAndUpViewController.h */,
				2E25A2401AAD45A40009714E /* SignInAndUpViewController.m */,
				2E25A2411AAD45A40009714E /* SignInAndUpViewController.xib */,
				2E25A2471AAD52250009714E /* SignInAndUpViewController+configuration.h */,
				2E25A2481AAD52250009714E /* SignInAndUpViewController+configuration.m */,
				2E25A24A1AAD5F880009714E /* SignInAndUpViewController+animation.h */,
				2E25A24B1AAD5F880009714E /* SignInAndUpViewController+animation.m */,
				2E25A2681AADA9910009714E /* SignInAndUpViewController+SignInViewDelegate.h */,
				2E25A2691AADA9910009714E /* SignInAndUpViewController+SignInViewDelegate.m */,
				2E7A50191AAE9AC70088AFD6 /* SignInAndUpViewController+SignUpViewDelegate.h */,
				2E7A501A1AAE9AC70088AFD6 /* SignInAndUpViewController+SignUpViewDelegate.m */,
			);
			name = LoginViewController;
			sourceTree = "<group>";
		};
		2E25A2441AAD49B80009714E /* imges */ = {
			isa = PBXGroup;
			children = (
				2EF71CEC1AAF537A00498F93 /* Icon@2x.png */,
				2E25A2451AAD49B80009714E /* EasyellTitle.png */,
			);
			path = imges;
			sourceTree = "<group>";
		};
		2E25A24D1AAD6C7E0009714E /* Custom Views */ = {
			isa = PBXGroup;
			children = (
				2E7A50101AAE8CD40088AFD6 /* SignUpView */,
				2E25A2611AAD97E60009714E /* AutoLayoutView */,
				2E25A2581AAD89520009714E /* SignInView */,
				2E25A2571AAD893E0009714E /* SpringAnimation */,
			);
			path = "Custom Views";
			sourceTree = "<group>";
		};
		2E25A2571AAD893E0009714E /* SpringAnimation */ = {
			isa = PBXGroup;
			children = (
				2E25A2511AAD6D1D0009714E /* JNWSpringAnimation.h */,
				2E25A2521AAD6D1D0009714E /* JNWSpringAnimation.m */,
				2E25A2531AAD6D1D0009714E /* NSValue+JNWAdditions.h */,
				2E25A2541AAD6D1D0009714E /* NSValue+JNWAdditions.m */,
				2E25A24E1AAD6C9F0009714E /* SpringAnimationMaker.h */,
				2E25A24F1AAD6C9F0009714E /* SpringAnimationMaker.m */,
			);
			name = SpringAnimation;
			sourceTree = "<group>";
		};
		2E25A2581AAD89520009714E /* SignInView */ = {
			isa = PBXGroup;
			children = (
				2E25A2591AAD89790009714E /* SignInView.h */,
				2E25A25A1AAD89790009714E /* SignInView.m */,
				2E25A25C1AAD89E00009714E /* SignInView.xib */,
				2E25A25E1AAD96D30009714E /* SignInView+animation.h */,
				2E25A25F1AAD96D30009714E /* SignInView+animation.m */,
				2E977E1B1AADF7FE0065E786 /* SignInView+configuration.h */,
				2E977E1C1AADF7FE0065E786 /* SignInView+configuration.m */,
			);
			name = SignInView;
			sourceTree = "<group>";
		};
		2E25A2611AAD97E60009714E /* AutoLayoutView */ = {
			isa = PBXGroup;
			children = (
				2E25A2621AAD97E60009714E /* AutoLayoutView.h */,
				2E25A2631AAD97E60009714E /* AutoLayoutView.m */,
				2E25A2641AAD97E60009714E /* UIView+CommonSuperview.h */,
				2E25A2651AAD97E60009714E /* UIView+CommonSuperview.m */,
			);
			path = AutoLayoutView;
			sourceTree = "<group>";
		};
		2E7A50101AAE8CD40088AFD6 /* SignUpView */ = {
			isa = PBXGroup;
			children = (
				2E7A50111AAE8D350088AFD6 /* SignUpView.h */,
				2E7A50121AAE8D350088AFD6 /* SignUpView.m */,
				2E7A50141AAE8D500088AFD6 /* SignUpView.xib */,
				2E7A501C1AAE9B180088AFD6 /* SignUpView+animation.h */,
				2E7A501D1AAE9B180088AFD6 /* SignUpView+animation.m */,
				2E7A501F1AAE9BA60088AFD6 /* SignUpView+configuration.h */,
				2E7A50201AAE9BA60088AFD6 /* SignUpView+configuration.m */,
			);
			name = SignUpView;
			sourceTree = "<group>";
		};
		2E7A50251AAED9A00088AFD6 /* HomeViewController */ = {
			isa = PBXGroup;
			children = (
				2E7A50261AAEDABA0088AFD6 /* HomeViewController.h */,
				2E7A50271AAEDABA0088AFD6 /* HomeViewController.m */,
				2E7A50281AAEDABA0088AFD6 /* HomeViewController.xib */,
			);
			name = HomeViewController;
			sourceTree = "<group>";
		};
		898AE5B3DA3AA3D8EB79E993 /* Frameworks */ = {
			isa = PBXGroup;
			children = (
				ACBA1A965AABE303AAB75A3E /* libPods.a */,
			);
			name = Frameworks;
			sourceTree = "<group>";
		};
		F01528A09137CB354F973911 /* Pods */ = {
			isa = PBXGroup;
			children = (
				5BFBB1F312EEDCAAE2B92107 /* Pods.debug.xcconfig */,
				D931CEE3E0212C21408A8460 /* Pods.release.xcconfig */,
			);
			name = Pods;
			sourceTree = "<group>";
		};
/* End PBXGroup section */

/* Begin PBXNativeTarget section */
		2E25A20E1AAD3A530009714E /* Easyell */ = {
			isa = PBXNativeTarget;
			buildConfigurationList = 2E25A2321AAD3A530009714E /* Build configuration list for PBXNativeTarget "Easyell" */;
			buildPhases = (
				52327A7A898B0AC4E054C8B9 /* Check Pods Manifest.lock */,
				2E25A20B1AAD3A530009714E /* Sources */,
				2E25A20C1AAD3A530009714E /* Frameworks */,
				2E25A20D1AAD3A530009714E /* Resources */,
				85CED22818F56C66976A84B4 /* Copy Pods Resources */,
			);
			buildRules = (
			);
			dependencies = (
			);
			name = Easyell;
			productName = Easyell;
			productReference = 2E25A20F1AAD3A530009714E /* Easyell.app */;
			productType = "com.apple.product-type.application";
		};
		2E25A2271AAD3A530009714E /* EasyellTests */ = {
			isa = PBXNativeTarget;
			buildConfigurationList = 2E25A2351AAD3A530009714E /* Build configuration list for PBXNativeTarget "EasyellTests" */;
			buildPhases = (
				2E25A2241AAD3A530009714E /* Sources */,
				2E25A2251AAD3A530009714E /* Frameworks */,
				2E25A2261AAD3A530009714E /* Resources */,
			);
			buildRules = (
			);
			dependencies = (
				2E25A22A1AAD3A530009714E /* PBXTargetDependency */,
			);
			name = EasyellTests;
			productName = EasyellTests;
			productReference = 2E25A2281AAD3A530009714E /* EasyellTests.xctest */;
			productType = "com.apple.product-type.bundle.unit-test";
		};
/* End PBXNativeTarget section */

/* Begin PBXProject section */
		2E25A2071AAD3A530009714E /* Project object */ = {
			isa = PBXProject;
			attributes = {
				LastUpgradeCheck = 0610;
				ORGANIZATIONNAME = guoshencheng;
				TargetAttributes = {
					2E25A20E1AAD3A530009714E = {
						CreatedOnToolsVersion = 6.1.1;
						DevelopmentTeam = 53H2AVD649;
					};
					2E25A2271AAD3A530009714E = {
						CreatedOnToolsVersion = 6.1.1;
						TestTargetID = 2E25A20E1AAD3A530009714E;
					};
				};
			};
			buildConfigurationList = 2E25A20A1AAD3A530009714E /* Build configuration list for PBXProject "Easyell" */;
			compatibilityVersion = "Xcode 3.2";
			developmentRegion = English;
			hasScannedForEncodings = 0;
			knownRegions = (
				en,
				Base,
			);
			mainGroup = 2E25A2061AAD3A530009714E;
			productRefGroup = 2E25A2101AAD3A530009714E /* Products */;
			projectDirPath = "";
			projectRoot = "";
			targets = (
				2E25A20E1AAD3A530009714E /* Easyell */,
				2E25A2271AAD3A530009714E /* EasyellTests */,
			);
		};
/* End PBXProject section */

/* Begin PBXResourcesBuildPhase section */
		2E25A20D1AAD3A530009714E /* Resources */ = {
			isa = PBXResourcesBuildPhase;
			buildActionMask = 2147483647;
			files = (
				2E7A50151AAE8D500088AFD6 /* SignUpView.xib in Resources */,
				2EF71CED1AAF537A00498F93 /* Icon@2x.png in Resources */,
				2E25A2461AAD49B80009714E /* EasyellTitle.png in Resources */,
				2E25A2231AAD3A530009714E /* LaunchScreen.xib in Resources */,
				2E25A2431AAD45A40009714E /* SignInAndUpViewController.xib in Resources */,
				2E25A2201AAD3A530009714E /* Images.xcassets in Resources */,
				2E7A502A1AAEDABA0088AFD6 /* HomeViewController.xib in Resources */,
				2E25A25D1AAD89E00009714E /* SignInView.xib in Resources */,
			);
			runOnlyForDeploymentPostprocessing = 0;
		};
		2E25A2261AAD3A530009714E /* Resources */ = {
			isa = PBXResourcesBuildPhase;
			buildActionMask = 2147483647;
			files = (
			);
			runOnlyForDeploymentPostprocessing = 0;
		};
/* End PBXResourcesBuildPhase section */

/* Begin PBXShellScriptBuildPhase section */
		52327A7A898B0AC4E054C8B9 /* Check Pods Manifest.lock */ = {
			isa = PBXShellScriptBuildPhase;
			buildActionMask = 2147483647;
			files = (
			);
			inputPaths = (
			);
			name = "Check Pods Manifest.lock";
			outputPaths = (
			);
			runOnlyForDeploymentPostprocessing = 0;
			shellPath = /bin/sh;
			shellScript = "diff \"${PODS_ROOT}/../Podfile.lock\" \"${PODS_ROOT}/Manifest.lock\" > /dev/null\nif [[ $? != 0 ]] ; then\n    cat << EOM\nerror: The sandbox is not in sync with the Podfile.lock. Run 'pod install' or update your CocoaPods installation.\nEOM\n    exit 1\nfi\n";
			showEnvVarsInLog = 0;
		};
		85CED22818F56C66976A84B4 /* Copy Pods Resources */ = {
			isa = PBXShellScriptBuildPhase;
			buildActionMask = 2147483647;
			files = (
			);
			inputPaths = (
			);
			name = "Copy Pods Resources";
			outputPaths = (
			);
			runOnlyForDeploymentPostprocessing = 0;
			shellPath = /bin/sh;
			shellScript = "\"${SRCROOT}/Pods/Target Support Files/Pods/Pods-resources.sh\"\n";
			showEnvVarsInLog = 0;
		};
/* End PBXShellScriptBuildPhase section */

/* Begin PBXSourcesBuildPhase section */
		2E25A20B1AAD3A530009714E /* Sources */ = {
			isa = PBXSourcesBuildPhase;
			buildActionMask = 2147483647;
			files = (
				2E25A2491AAD52250009714E /* SignInAndUpViewController+configuration.m in Sources */,
				2E25A2551AAD6D1D0009714E /* JNWSpringAnimation.m in Sources */,
				2E25A2181AAD3A530009714E /* AppDelegate.m in Sources */,
				2E25A2501AAD6C9F0009714E /* SpringAnimationMaker.m in Sources */,
				2E25A2561AAD6D1D0009714E /* NSValue+JNWAdditions.m in Sources */,
				2E7A50291AAEDABA0088AFD6 /* HomeViewController.m in Sources */,
				2E25A2671AAD97E60009714E /* UIView+CommonSuperview.m in Sources */,
				2E25A24C1AAD5F880009714E /* SignInAndUpViewController+animation.m in Sources */,
				2E7A501E1AAE9B180088AFD6 /* SignUpView+animation.m in Sources */,
				2E25A2421AAD45A40009714E /* SignInAndUpViewController.m in Sources */,
				2E7A50131AAE8D350088AFD6 /* SignUpView.m in Sources */,
				2E25A23C1AAD425A0009714E /* UIScreen+Utilities.m in Sources */,
				2E7A501B1AAE9AC70088AFD6 /* SignInAndUpViewController+SignUpViewDelegate.m in Sources */,
				2E977E1D1AADF7FE0065E786 /* SignInView+configuration.m in Sources */,
				2E25A25B1AAD89790009714E /* SignInView.m in Sources */,
				2E25A2661AAD97E60009714E /* AutoLayoutView.m in Sources */,
				2E25A26A1AADA9910009714E /* SignInAndUpViewController+SignInViewDelegate.m in Sources */,
				2E25A2151AAD3A530009714E /* main.m in Sources */,
				2E7A50241AAEC8070088AFD6 /* NSArray+Utilities.m in Sources */,
				2E7A50211AAE9BA60088AFD6 /* SignUpView+configuration.m in Sources */,
				2E25A2601AAD96D30009714E /* SignInView+animation.m in Sources */,
			);
			runOnlyForDeploymentPostprocessing = 0;
		};
		2E25A2241AAD3A530009714E /* Sources */ = {
			isa = PBXSourcesBuildPhase;
			buildActionMask = 2147483647;
			files = (
				2E25A22F1AAD3A530009714E /* EasyellTests.m in Sources */,
			);
			runOnlyForDeploymentPostprocessing = 0;
		};
/* End PBXSourcesBuildPhase section */

/* Begin PBXTargetDependency section */
		2E25A22A1AAD3A530009714E /* PBXTargetDependency */ = {
			isa = PBXTargetDependency;
			target = 2E25A20E1AAD3A530009714E /* Easyell */;
			targetProxy = 2E25A2291AAD3A530009714E /* PBXContainerItemProxy */;
		};
/* End PBXTargetDependency section */

/* Begin PBXVariantGroup section */
		2E25A2211AAD3A530009714E /* LaunchScreen.xib */ = {
			isa = PBXVariantGroup;
			children = (
				2E25A2221AAD3A530009714E /* Base */,
			);
			name = LaunchScreen.xib;
			sourceTree = "<group>";
		};
/* End PBXVariantGroup section */

/* Begin XCBuildConfiguration section */
		2E25A2301AAD3A530009714E /* Debug */ = {
			isa = XCBuildConfiguration;
			buildSettings = {
				ALWAYS_SEARCH_USER_PATHS = NO;
				CLANG_CXX_LANGUAGE_STANDARD = "gnu++0x";
				CLANG_CXX_LIBRARY = "libc++";
				CLANG_ENABLE_MODULES = YES;
				CLANG_ENABLE_OBJC_ARC = YES;
				CLANG_WARN_BOOL_CONVERSION = YES;
				CLANG_WARN_CONSTANT_CONVERSION = YES;
				CLANG_WARN_DIRECT_OBJC_ISA_USAGE = YES_ERROR;
				CLANG_WARN_EMPTY_BODY = YES;
				CLANG_WARN_ENUM_CONVERSION = YES;
				CLANG_WARN_INT_CONVERSION = YES;
				CLANG_WARN_OBJC_ROOT_CLASS = YES_ERROR;
				CLANG_WARN_UNREACHABLE_CODE = YES;
				CLANG_WARN__DUPLICATE_METHOD_MATCH = YES;
				"CODE_SIGN_IDENTITY[sdk=iphoneos*]" = "iPhone Developer";
				COPY_PHASE_STRIP = NO;
				ENABLE_STRICT_OBJC_MSGSEND = YES;
				GCC_C_LANGUAGE_STANDARD = gnu99;
				GCC_DYNAMIC_NO_PIC = NO;
				GCC_OPTIMIZATION_LEVEL = 0;
				GCC_PREPROCESSOR_DEFINITIONS = (
					"DEBUG=1",
					"$(inherited)",
				);
				GCC_SYMBOLS_PRIVATE_EXTERN = NO;
				GCC_WARN_64_TO_32_BIT_CONVERSION = YES;
				GCC_WARN_ABOUT_RETURN_TYPE = YES_ERROR;
				GCC_WARN_UNDECLARED_SELECTOR = YES;
				GCC_WARN_UNINITIALIZED_AUTOS = YES_AGGRESSIVE;
				GCC_WARN_UNUSED_FUNCTION = YES;
				GCC_WARN_UNUSED_VARIABLE = YES;
				IPHONEOS_DEPLOYMENT_TARGET = 7.0;
				MTL_ENABLE_DEBUG_INFO = YES;
				ONLY_ACTIVE_ARCH = YES;
				SDKROOT = iphoneos;
			};
			name = Debug;
		};
		2E25A2311AAD3A530009714E /* Release */ = {
			isa = XCBuildConfiguration;
			buildSettings = {
				ALWAYS_SEARCH_USER_PATHS = NO;
				CLANG_CXX_LANGUAGE_STANDARD = "gnu++0x";
				CLANG_CXX_LIBRARY = "libc++";
				CLANG_ENABLE_MODULES = YES;
				CLANG_ENABLE_OBJC_ARC = YES;
				CLANG_WARN_BOOL_CONVERSION = YES;
				CLANG_WARN_CONSTANT_CONVERSION = YES;
				CLANG_WARN_DIRECT_OBJC_ISA_USAGE = YES_ERROR;
				CLANG_WARN_EMPTY_BODY = YES;
				CLANG_WARN_ENUM_CONVERSION = YES;
				CLANG_WARN_INT_CONVERSION = YES;
				CLANG_WARN_OBJC_ROOT_CLASS = YES_ERROR;
				CLANG_WARN_UNREACHABLE_CODE = YES;
				CLANG_WARN__DUPLICATE_METHOD_MATCH = YES;
				"CODE_SIGN_IDENTITY[sdk=iphoneos*]" = "iPhone Developer";
				COPY_PHASE_STRIP = YES;
				ENABLE_NS_ASSERTIONS = NO;
				ENABLE_STRICT_OBJC_MSGSEND = YES;
				GCC_C_LANGUAGE_STANDARD = gnu99;
				GCC_WARN_64_TO_32_BIT_CONVERSION = YES;
				GCC_WARN_ABOUT_RETURN_TYPE = YES_ERROR;
				GCC_WARN_UNDECLARED_SELECTOR = YES;
				GCC_WARN_UNINITIALIZED_AUTOS = YES_AGGRESSIVE;
				GCC_WARN_UNUSED_FUNCTION = YES;
				GCC_WARN_UNUSED_VARIABLE = YES;
				IPHONEOS_DEPLOYMENT_TARGET = 7.0;
				MTL_ENABLE_DEBUG_INFO = NO;
				SDKROOT = iphoneos;
				VALIDATE_PRODUCT = YES;
			};
			name = Release;
		};
		2E25A2331AAD3A530009714E /* Debug */ = {
			isa = XCBuildConfiguration;
			baseConfigurationReference = 5BFBB1F312EEDCAAE2B92107 /* Pods.debug.xcconfig */;
			buildSettings = {
				ASSETCATALOG_COMPILER_APPICON_NAME = AppIcon;
				CODE_SIGN_IDENTITY = "iPhone Developer";
				"CODE_SIGN_IDENTITY[sdk=iphoneos*]" = "iPhone Developer";
				INFOPLIST_FILE = Easyell/Info.plist;
				IPHONEOS_DEPLOYMENT_TARGET = 7.0;
				LD_RUNPATH_SEARCH_PATHS = "$(inherited) @executable_path/Frameworks";
				PRODUCT_NAME = "$(TARGET_NAME)";
				PROVISIONING_PROFILE = "";
			};
			name = Debug;
		};
		2E25A2341AAD3A530009714E /* Release */ = {
			isa = XCBuildConfiguration;
			baseConfigurationReference = D931CEE3E0212C21408A8460 /* Pods.release.xcconfig */;
			buildSettings = {
				ASSETCATALOG_COMPILER_APPICON_NAME = AppIcon;
				CODE_SIGN_IDENTITY = "iPhone Developer";
				"CODE_SIGN_IDENTITY[sdk=iphoneos*]" = "iPhone Developer";
				INFOPLIST_FILE = Easyell/Info.plist;
				IPHONEOS_DEPLOYMENT_TARGET = 7.0;
				LD_RUNPATH_SEARCH_PATHS = "$(inherited) @executable_path/Frameworks";
				PRODUCT_NAME = "$(TARGET_NAME)";
				PROVISIONING_PROFILE = "";
			};
			name = Release;
		};
		2E25A2361AAD3A530009714E /* Debug */ = {
			isa = XCBuildConfiguration;
			buildSettings = {
				BUNDLE_LOADER = "$(TEST_HOST)";
				FRAMEWORK_SEARCH_PATHS = (
					"$(SDKROOT)/Developer/Library/Frameworks",
					"$(inherited)",
				);
				GCC_PREPROCESSOR_DEFINITIONS = (
					"DEBUG=1",
					"$(inherited)",
				);
				INFOPLIST_FILE = EasyellTests/Info.plist;
				LD_RUNPATH_SEARCH_PATHS = "$(inherited) @executable_path/Frameworks @loader_path/Frameworks";
				PRODUCT_NAME = "$(TARGET_NAME)";
				TEST_HOST = "$(BUILT_PRODUCTS_DIR)/Easyell.app/Easyell";
			};
			name = Debug;
		};
		2E25A2371AAD3A530009714E /* Release */ = {
			isa = XCBuildConfiguration;
			buildSettings = {
				BUNDLE_LOADER = "$(TEST_HOST)";
				FRAMEWORK_SEARCH_PATHS = (
					"$(SDKROOT)/Developer/Library/Frameworks",
					"$(inherited)",
				);
				INFOPLIST_FILE = EasyellTests/Info.plist;
				LD_RUNPATH_SEARCH_PATHS = "$(inherited) @executable_path/Frameworks @loader_path/Frameworks";
				PRODUCT_NAME = "$(TARGET_NAME)";
				TEST_HOST = "$(BUILT_PRODUCTS_DIR)/Easyell.app/Easyell";
			};
			name = Release;
		};
/* End XCBuildConfiguration section */

/* Begin XCConfigurationList section */
		2E25A20A1AAD3A530009714E /* Build configuration list for PBXProject "Easyell" */ = {
			isa = XCConfigurationList;
			buildConfigurations = (
				2E25A2301AAD3A530009714E /* Debug */,
				2E25A2311AAD3A530009714E /* Release */,
			);
			defaultConfigurationIsVisible = 0;
			defaultConfigurationName = Release;
		};
		2E25A2321AAD3A530009714E /* Build configuration list for PBXNativeTarget "Easyell" */ = {
			isa = XCConfigurationList;
			buildConfigurations = (
				2E25A2331AAD3A530009714E /* Debug */,
				2E25A2341AAD3A530009714E /* Release */,
			);
			defaultConfigurationIsVisible = 0;
			defaultConfigurationName = Release;
		};
		2E25A2351AAD3A530009714E /* Build configuration list for PBXNativeTarget "EasyellTests" */ = {
			isa = XCConfigurationList;
			buildConfigurations = (
				2E25A2361AAD3A530009714E /* Debug */,
				2E25A2371AAD3A530009714E /* Release */,
			);
			defaultConfigurationIsVisible = 0;
			defaultConfigurationName = Release;
		};
/* End XCConfigurationList section */
	};
	rootObject = 2E25A2071AAD3A530009714E /* Project object */;
}
